// !$*UTF8*$!
{
	archiveVersion = 1;
	classes = {
	};
	objectVersion = 56;
	objects = {

/* Begin PBXBuildFile section */
		5B8BF5A02B620ADE009100D4 /* Dicee_SwiftUIApp.swift in Sources */ = {isa = PBXBuildFile; fileRef = 5B8BF59F2B620ADE009100D4 /* Dicee_SwiftUIApp.swift */; };
		5B8BF5A22B620ADE009100D4 /* ContentView.swift in Sources */ = {isa = PBXBuildFile; fileRef = 5B8BF5A12B620ADE009100D4 /* ContentView.swift */; };
		5B8BF5A42B620AE0009100D4 /* Assets.xcassets in Resources */ = {isa = PBXBuildFile; fileRef = 5B8BF5A32B620AE0009100D4 /* Assets.xcassets */; };
		5B8BF5A72B620AE0009100D4 /* Preview Assets.xcassets in Resources */ = {isa = PBXBuildFile; fileRef = 5B8BF5A62B620AE0009100D4 /* Preview Assets.xcassets */; };
		5B8BF5B12B620AE0009100D4 /* Dicee_SwiftUITests.swift in Sources */ = {isa = PBXBuildFile; fileRef = 5B8BF5B02B620AE0009100D4 /* Dicee_SwiftUITests.swift */; };
		5B8BF5BB2B620AE0009100D4 /* Dicee_SwiftUIUITests.swift in Sources */ = {isa = PBXBuildFile; fileRef = 5B8BF5BA2B620AE0009100D4 /* Dicee_SwiftUIUITests.swift */; };
		5B8BF5BD2B620AE0009100D4 /* Dicee_SwiftUIUITestsLaunchTests.swift in Sources */ = {isa = PBXBuildFile; fileRef = 5B8BF5BC2B620AE0009100D4 /* Dicee_SwiftUIUITestsLaunchTests.swift */; };
/* End PBXBuildFile section */

/* Begin PBXContainerItemProxy section */
		5B8BF5AD2B620AE0009100D4 /* PBXContainerItemProxy */ = {
			isa = PBXContainerItemProxy;
			containerPortal = 5B8BF5942B620ADE009100D4 /* Project object */;
			proxyType = 1;
			remoteGlobalIDString = 5B8BF59B2B620ADE009100D4;
			remoteInfo = "Dicee-SwiftUI";
		};
		5B8BF5B72B620AE0009100D4 /* PBXContainerItemProxy */ = {
			isa = PBXContainerItemProxy;
			containerPortal = 5B8BF5942B620ADE009100D4 /* Project object */;
			proxyType = 1;
			remoteGlobalIDString = 5B8BF59B2B620ADE009100D4;
			remoteInfo = "Dicee-SwiftUI";
		};
/* End PBXContainerItemProxy section */

/* Begin PBXFileReference section */
		5B8BF59C2B620ADE009100D4 /* Dicee-SwiftUI.app */ = {isa = PBXFileReference; explicitFileType = wrapper.application; includeInIndex = 0; path = "Dicee-SwiftUI.app"; sourceTree = BUILT_PRODUCTS_DIR; };
		5B8BF59F2B620ADE009100D4 /* Dicee_SwiftUIApp.swift */ = {isa = PBXFileReference; lastKnownFileType = sourcecode.swift; path = Dicee_SwiftUIApp.swift; sourceTree = "<group>"; };
		5B8BF5A12B620ADE009100D4 /* ContentView.swift */ = {isa = PBXFileReference; lastKnownFileType = sourcecode.swift; path = ContentView.swift; sourceTree = "<group>"; };
		5B8BF5A32B620AE0009100D4 /* Assets.xcassets */ = {isa = PBXFileReference; lastKnownFileType = folder.assetcatalog; path = Assets.xcassets; sourceTree = "<group>"; };
		5B8BF5A62B620AE0009100D4 /* Preview Assets.xcassets */ = {isa = PBXFileReference; lastKnownFileType = folder.assetcatalog; path = "Preview Assets.xcassets"; sourceTree = "<group>"; };
		5B8BF5AC2B620AE0009100D4 /* Dicee-SwiftUITests.xctest */ = {isa = PBXFileReference; explicitFileType = wrapper.cfbundle; includeInIndex = 0; path = "Dicee-SwiftUITests.xctest"; sourceTree = BUILT_PRODUCTS_DIR; };
		5B8BF5B02B620AE0009100D4 /* Dicee_SwiftUITests.swift */ = {isa = PBXFileReference; lastKnownFileType = sourcecode.swift; path = Dicee_SwiftUITests.swift; sourceTree = "<group>"; };
		5B8BF5B62B620AE0009100D4 /* Dicee-SwiftUIUITests.xctest */ = {isa = PBXFileReference; explicitFileType = wrapper.cfbundle; includeInIndex = 0; path = "Dicee-SwiftUIUITests.xctest"; sourceTree = BUILT_PRODUCTS_DIR; };
		5B8BF5BA2B620AE0009100D4 /* Dicee_SwiftUIUITests.swift */ = {isa = PBXFileReference; lastKnownFileType = sourcecode.swift; path = Dicee_SwiftUIUITests.swift; sourceTree = "<group>"; };
		5B8BF5BC2B620AE0009100D4 /* Dicee_SwiftUIUITestsLaunchTests.swift */ = {isa = PBXFileReference; lastKnownFileType = sourcecode.swift; path = Dicee_SwiftUIUITestsLaunchTests.swift; sourceTree = "<group>"; };
/* End PBXFileReference section */

/* Begin PBXFrameworksBuildPhase section */
		5B8BF5992B620ADE009100D4 /* Frameworks */ = {
			isa = PBXFrameworksBuildPhase;
			buildActionMask = 2147483647;
			files = (
			);
			runOnlyForDeploymentPostprocessing = 0;
		};
		5B8BF5A92B620AE0009100D4 /* Frameworks */ = {
			isa = PBXFrameworksBuildPhase;
			buildActionMask = 2147483647;
			files = (
			);
			runOnlyForDeploymentPostprocessing = 0;
		};
		5B8BF5B32B620AE0009100D4 /* Frameworks */ = {
			isa = PBXFrameworksBuildPhase;
			buildActionMask = 2147483647;
			files = (
			);
			runOnlyForDeploymentPostprocessing = 0;
		};
/* End PBXFrameworksBuildPhase section */

/* Begin PBXGroup section */
		5B8BF5932B620ADE009100D4 = {
			isa = PBXGroup;
			children = (
				5B8BF59E2B620ADE009100D4 /* Dicee-SwiftUI */,
				5B8BF5AF2B620AE0009100D4 /* Dicee-SwiftUITests */,
				5B8BF5B92B620AE0009100D4 /* Dicee-SwiftUIUITests */,
				5B8BF59D2B620ADE009100D4 /* Products */,
			);
			sourceTree = "<group>";
		};
		5B8BF59D2B620ADE009100D4 /* Products */ = {
			isa = PBXGroup;
			children = (
				5B8BF59C2B620ADE009100D4 /* Dicee-SwiftUI.app */,
				5B8BF5AC2B620AE0009100D4 /* Dicee-SwiftUITests.xctest */,
				5B8BF5B62B620AE0009100D4 /* Dicee-SwiftUIUITests.xctest */,
			);
			name = Products;
			sourceTree = "<group>";
		};
		5B8BF59E2B620ADE009100D4 /* Dicee-SwiftUI */ = {
			isa = PBXGroup;
			children = (
				5B8BF59F2B620ADE009100D4 /* Dicee_SwiftUIApp.swift */,
				5B8BF5A12B620ADE009100D4 /* ContentView.swift */,
				5B8BF5A32B620AE0009100D4 /* Assets.xcassets */,
				5B8BF5A52B620AE0009100D4 /* Preview Content */,
			);
			path = "Dicee-SwiftUI";
			sourceTree = "<group>";
		};
		5B8BF5A52B620AE0009100D4 /* Preview Content */ = {
			isa = PBXGroup;
			children = (
				5B8BF5A62B620AE0009100D4 /* Preview Assets.xcassets */,
			);
			path = "Preview Content";
			sourceTree = "<group>";
		};
		5B8BF5AF2B620AE0009100D4 /* Dicee-SwiftUITests */ = {
			isa = PBXGroup;
			children = (
				5B8BF5B02B620AE0009100D4 /* Dicee_SwiftUITests.swift */,
			);
			path = "Dicee-SwiftUITests";
			sourceTree = "<group>";
		};
		5B8BF5B92B620AE0009100D4 /* Dicee-SwiftUIUITests */ = {
			isa = PBXGroup;
			children = (
				5B8BF5BA2B620AE0009100D4 /* Dicee_SwiftUIUITests.swift */,
				5B8BF5BC2B620AE0009100D4 /* Dicee_SwiftUIUITestsLaunchTests.swift */,
			);
			path = "Dicee-SwiftUIUITests";
			sourceTree = "<group>";
		};
/* End PBXGroup section */

/* Begin PBXNativeTarget section */
		5B8BF59B2B620ADE009100D4 /* Dicee-SwiftUI */ = {
			isa = PBXNativeTarget;
			buildConfigurationList = 5B8BF5C02B620AE0009100D4 /* Build configuration list for PBXNativeTarget "Dicee-SwiftUI" */;
			buildPhases = (
				5B8BF5982B620ADE009100D4 /* Sources */,
				5B8BF5992B620ADE009100D4 /* Frameworks */,
				5B8BF59A2B620ADE009100D4 /* Resources */,
			);
			buildRules = (
			);
			dependencies = (
			);
			name = "Dicee-SwiftUI";
			productName = "Dicee-SwiftUI";
			productReference = 5B8BF59C2B620ADE009100D4 /* Dicee-SwiftUI.app */;
			productType = "com.apple.product-type.application";
		};
		5B8BF5AB2B620AE0009100D4 /* Dicee-SwiftUITests */ = {
			isa = PBXNativeTarget;
			buildConfigurationList = 5B8BF5C32B620AE0009100D4 /* Build configuration list for PBXNativeTarget "Dicee-SwiftUITests" */;
			buildPhases = (
				5B8BF5A82B620AE0009100D4 /* Sources */,
				5B8BF5A92B620AE0009100D4 /* Frameworks */,
				5B8BF5AA2B620AE0009100D4 /* Resources */,
			);
			buildRules = (
			);
			dependencies = (
				5B8BF5AE2B620AE0009100D4 /* PBXTargetDependency */,
			);
			name = "Dicee-SwiftUITests";
			productName = "Dicee-SwiftUITests";
			productReference = 5B8BF5AC2B620AE0009100D4 /* Dicee-SwiftUITests.xctest */;
			productType = "com.apple.product-type.bundle.unit-test";
		};
		5B8BF5B52B620AE0009100D4 /* Dicee-SwiftUIUITests */ = {
			isa = PBXNativeTarget;
			buildConfigurationList = 5B8BF5C62B620AE0009100D4 /* Build configuration list for PBXNativeTarget "Dicee-SwiftUIUITests" */;
			buildPhases = (
				5B8BF5B22B620AE0009100D4 /* Sources */,
				5B8BF5B32B620AE0009100D4 /* Frameworks */,
				5B8BF5B42B620AE0009100D4 /* Resources */,
			);
			buildRules = (
			);
			dependencies = (
				5B8BF5B82B620AE0009100D4 /* PBXTargetDependency */,
			);
			name = "Dicee-SwiftUIUITests";
			productName = "Dicee-SwiftUIUITests";
			productReference = 5B8BF5B62B620AE0009100D4 /* Dicee-SwiftUIUITests.xctest */;
			productType = "com.apple.product-type.bundle.ui-testing";
		};
/* End PBXNativeTarget section */

/* Begin PBXProject section */
		5B8BF5942B620ADE009100D4 /* Project object */ = {
			isa = PBXProject;
			attributes = {
				BuildIndependentTargetsInParallel = 1;
				LastSwiftUpdateCheck = 1520;
				LastUpgradeCheck = 1520;
				TargetAttributes = {
					5B8BF59B2B620ADE009100D4 = {
						CreatedOnToolsVersion = 15.2;
					};
					5B8BF5AB2B620AE0009100D4 = {
						CreatedOnToolsVersion = 15.2;
						TestTargetID = 5B8BF59B2B620ADE009100D4;
					};
					5B8BF5B52B620AE0009100D4 = {
						CreatedOnToolsVersion = 15.2;
						TestTargetID = 5B8BF59B2B620ADE009100D4;
					};
				};
			};
			buildConfigurationList = 5B8BF5972B620ADE009100D4 /* Build configuration list for PBXProject "Dicee-SwiftUI" */;
			compatibilityVersion = "Xcode 14.0";
			developmentRegion = en;
			hasScannedForEncodings = 0;
			knownRegions = (
				en,
				Base,
			);
			mainGroup = 5B8BF5932B620ADE009100D4;
			productRefGroup = 5B8BF59D2B620ADE009100D4 /* Products */;
			projectDirPath = "";
			projectRoot = "";
			targets = (
				5B8BF59B2B620ADE009100D4 /* Dicee-SwiftUI */,
				5B8BF5AB2B620AE0009100D4 /* Dicee-SwiftUITests */,
				5B8BF5B52B620AE0009100D4 /* Dicee-SwiftUIUITests */,
			);
		};
/* End PBXProject section */

/* Begin PBXResourcesBuildPhase section */
		5B8BF59A2B620ADE009100D4 /* Resources */ = {
			isa = PBXResourcesBuildPhase;
			buildActionMask = 2147483647;
			files = (
				5B8BF5A72B620AE0009100D4 /* Preview Assets.xcassets in Resources */,
				5B8BF5A42B620AE0009100D4 /* Assets.xcassets in Resources */,
			);
			runOnlyForDeploymentPostprocessing = 0;
		};
		5B8BF5AA2B620AE0009100D4 /* Resources */ = {
			isa = PBXResourcesBuildPhase;
			buildActionMask = 2147483647;
			files = (
			);
			runOnlyForDeploymentPostprocessing = 0;
		};
		5B8BF5B42B620AE0009100D4 /* Resources */ = {
			isa = PBXResourcesBuildPhase;
			buildActionMask = 2147483647;
			files = (
			);
			runOnlyForDeploymentPostprocessing = 0;
		};
/* End PBXResourcesBuildPhase section */

/* Begin PBXSourcesBuildPhase section */
		5B8BF5982B620ADE009100D4 /* Sources */ = {
			isa = PBXSourcesBuildPhase;
			buildActionMask = 2147483647;
			files = (
				5B8BF5A22B620ADE009100D4 /* ContentView.swift in Sources */,
				5B8BF5A02B620ADE009100D4 /* Dicee_SwiftUIApp.swift in Sources */,
			);
			runOnlyForDeploymentPostprocessing = 0;
		};
		5B8BF5A82B620AE0009100D4 /* Sources */ = {
			isa = PBXSourcesBuildPhase;
			buildActionMask = 2147483647;
			files = (
				5B8BF5B12B620AE0009100D4 /* Dicee_SwiftUITests.swift in Sources */,
			);
			runOnlyForDeploymentPostprocessing = 0;
		};
		5B8BF5B22B620AE0009100D4 /* Sources */ = {
			isa = PBXSourcesBuildPhase;
			buildActionMask = 2147483647;
			files = (
				5B8BF5BB2B620AE0009100D4 /* Dicee_SwiftUIUITests.swift in Sources */,
				5B8BF5BD2B620AE0009100D4 /* Dicee_SwiftUIUITestsLaunchTests.swift in Sources */,
			);
			runOnlyForDeploymentPostprocessing = 0;
		};
/* End PBXSourcesBuildPhase section */

/* Begin PBXTargetDependency section */
		5B8BF5AE2B620AE0009100D4 /* PBXTargetDependency */ = {
			isa = PBXTargetDependency;
			target = 5B8BF59B2B620ADE009100D4 /* Dicee-SwiftUI */;
			targetProxy = 5B8BF5AD2B620AE0009100D4 /* PBXContainerItemProxy */;
		};
		5B8BF5B82B620AE0009100D4 /* PBXTargetDependency */ = {
			isa = PBXTargetDependency;
			target = 5B8BF59B2B620ADE009100D4 /* Dicee-SwiftUI */;
			targetProxy = 5B8BF5B72B620AE0009100D4 /* PBXContainerItemProxy */;
		};
/* End PBXTargetDependency section */

/* Begin XCBuildConfiguration section */
		5B8BF5BE2B620AE0009100D4 /* Debug */ = {
			isa = XCBuildConfiguration;
			buildSettings = {
				ALWAYS_SEARCH_USER_PATHS = NO;
				ASSETCATALOG_COMPILER_GENERATE_SWIFT_ASSET_SYMBOL_EXTENSIONS = YES;
				CLANG_ANALYZER_NONNULL = YES;
				CLANG_ANALYZER_NUMBER_OBJECT_CONVERSION = YES_AGGRESSIVE;
				CLANG_CXX_LANGUAGE_STANDARD = "gnu++20";
				CLANG_ENABLE_MODULES = YES;
				CLANG_ENABLE_OBJC_ARC = YES;
				CLANG_ENABLE_OBJC_WEAK = YES;
				CLANG_WARN_BLOCK_CAPTURE_AUTORELEASING = YES;
				CLANG_WARN_BOOL_CONVERSION = YES;
				CLANG_WARN_COMMA = YES;
				CLANG_WARN_CONSTANT_CONVERSION = YES;
				CLANG_WARN_DEPRECATED_OBJC_IMPLEMENTATIONS = YES;
				CLANG_WARN_DIRECT_OBJC_ISA_USAGE = YES_ERROR;
				CLANG_WARN_DOCUMENTATION_COMMENTS = YES;
				CLANG_WARN_EMPTY_BODY = YES;
				CLANG_WARN_ENUM_CONVERSION = YES;
				CLANG_WARN_INFINITE_RECURSION = YES;
				CLANG_WARN_INT_CONVERSION = YES;
				CLANG_WARN_NON_LITERAL_NULL_CONVERSION = YES;
				CLANG_WARN_OBJC_IMPLICIT_RETAIN_SELF = YES;
				CLANG_WARN_OBJC_LITERAL_CONVERSION = YES;
				CLANG_WARN_OBJC_ROOT_CLASS = YES_ERROR;
				CLANG_WARN_QUOTED_INCLUDE_IN_FRAMEWORK_HEADER = YES;
				CLANG_WARN_RANGE_LOOP_ANALYSIS = YES;
				CLANG_WARN_STRICT_PROTOTYPES = YES;
				CLANG_WARN_SUSPICIOUS_MOVE = YES;
				CLANG_WARN_UNGUARDED_AVAILABILITY = YES_AGGRESSIVE;
				CLANG_WARN_UNREACHABLE_CODE = YES;
				CLANG_WARN__DUPLICATE_METHOD_MATCH = YES;
				COPY_PHASE_STRIP = NO;
				DEBUG_INFORMATION_FORMAT = dwarf;
				ENABLE_STRICT_OBJC_MSGSEND = YES;
				ENABLE_TESTABILITY = YES;
				ENABLE_USER_SCRIPT_SANDBOXING = YES;
				GCC_C_LANGUAGE_STANDARD = gnu17;
				GCC_DYNAMIC_NO_PIC = NO;
				GCC_NO_COMMON_BLOCKS = YES;
				GCC_OPTIMIZATION_LEVEL = 0;
				GCC_PREPROCESSOR_DEFINITIONS = (
					"DEBUG=1",
					"$(inherited)",
				);
				GCC_WARN_64_TO_32_BIT_CONVERSION = YES;
				GCC_WARN_ABOUT_RETURN_TYPE = YES_ERROR;
				GCC_WARN_UNDECLARED_SELECTOR = YES;
				GCC_WARN_UNINITIALIZED_AUTOS = YES_AGGRESSIVE;
				GCC_WARN_UNUSED_FUNCTION = YES;
				GCC_WARN_UNUSED_VARIABLE = YES;
				IPHONEOS_DEPLOYMENT_TARGET = 17.2;
				LOCALIZATION_PREFERS_STRING_CATALOGS = YES;
				MTL_ENABLE_DEBUG_INFO = INCLUDE_SOURCE;
				MTL_FAST_MATH = YES;
				ONLY_ACTIVE_ARCH = YES;
				SDKROOT = iphoneos;
				SWIFT_ACTIVE_COMPILATION_CONDITIONS = "DEBUG $(inherited)";
				SWIFT_OPTIMIZATION_LEVEL = "-Onone";
			};
			name = Debug;
		};
		5B8BF5BF2B620AE0009100D4 /* Release */ = {
			isa = XCBuildConfiguration;
			buildSettings = {
				ALWAYS_SEARCH_USER_PATHS = NO;
				ASSETCATALOG_COMPILER_GENERATE_SWIFT_ASSET_SYMBOL_EXTENSIONS = YES;
				CLANG_ANALYZER_NONNULL = YES;
				CLANG_ANALYZER_NUMBER_OBJECT_CONVERSION = YES_AGGRESSIVE;
				CLANG_CXX_LANGUAGE_STANDARD = "gnu++20";
				CLANG_ENABLE_MODULES = YES;
				CLANG_ENABLE_OBJC_ARC = YES;
				CLANG_ENABLE_OBJC_WEAK = YES;
				CLANG_WARN_BLOCK_CAPTURE_AUTORELEASING = YES;
				CLANG_WARN_BOOL_CONVERSION = YES;
				CLANG_WARN_COMMA = YES;
				CLANG_WARN_CONSTANT_CONVERSION = YES;
				CLANG_WARN_DEPRECATED_OBJC_IMPLEMENTATIONS = YES;
				CLANG_WARN_DIRECT_OBJC_ISA_USAGE = YES_ERROR;
				CLANG_WARN_DOCUMENTATION_COMMENTS = YES;
				CLANG_WARN_EMPTY_BODY = YES;
				CLANG_WARN_ENUM_CONVERSION = YES;
				CLANG_WARN_INFINITE_RECURSION = YES;
				CLANG_WARN_INT_CONVERSION = YES;
				CLANG_WARN_NON_LITERAL_NULL_CONVERSION = YES;
				CLANG_WARN_OBJC_IMPLICIT_RETAIN_SELF = YES;
				CLANG_WARN_OBJC_LITERAL_CONVERSION = YES;
				CLANG_WARN_OBJC_ROOT_CLASS = YES_ERROR;
				CLANG_WARN_QUOTED_INCLUDE_IN_FRAMEWORK_HEADER = YES;
				CLANG_WARN_RANGE_LOOP_ANALYSIS = YES;
				CLANG_WARN_STRICT_PROTOTYPES = YES;
				CLANG_WARN_SUSPICIOUS_MOVE = YES;
				CLANG_WARN_UNGUARDED_AVAILABILITY = YES_AGGRESSIVE;
				CLANG_WARN_UNREACHABLE_CODE = YES;
				CLANG_WARN__DUPLICATE_METHOD_MATCH = YES;
				COPY_PHASE_STRIP = NO;
				DEBUG_INFORMATION_FORMAT = "dwarf-with-dsym";
				ENABLE_NS_ASSERTIONS = NO;
				ENABLE_STRICT_OBJC_MSGSEND = YES;
				ENABLE_USER_SCRIPT_SANDBOXING = YES;
				GCC_C_LANGUAGE_STANDARD = gnu17;
				GCC_NO_COMMON_BLOCKS = YES;
				GCC_WARN_64_TO_32_BIT_CONVERSION = YES;
				GCC_WARN_ABOUT_RETURN_TYPE = YES_ERROR;
				GCC_WARN_UNDECLARED_SELECTOR = YES;
				GCC_WARN_UNINITIALIZED_AUTOS = YES_AGGRESSIVE;
				GCC_WARN_UNUSED_FUNCTION = YES;
				GCC_WARN_UNUSED_VARIABLE = YES;
				IPHONEOS_DEPLOYMENT_TARGET = 17.2;
				LOCALIZATION_PREFERS_STRING_CATALOGS = YES;
				MTL_ENABLE_DEBUG_INFO = NO;
				MTL_FAST_MATH = YES;
				SDKROOT = iphoneos;
				SWIFT_COMPILATION_MODE = wholemodule;
				VALIDATE_PRODUCT = YES;
			};
			name = Release;
		};
		5B8BF5C12B620AE0009100D4 /* Debug */ = {
			isa = XCBuildConfiguration;
			buildSettings = {
				ASSETCATALOG_COMPILER_APPICON_NAME = AppIcon;
				ASSETCATALOG_COMPILER_GLOBAL_ACCENT_COLOR_NAME = AccentColor;
				CODE_SIGN_STYLE = Automatic;
				CURRENT_PROJECT_VERSION = 1;
				DEVELOPMENT_ASSET_PATHS = "\"Dicee-SwiftUI/Preview Content\"";
				ENABLE_PREVIEWS = YES;
				GENERATE_INFOPLIST_FILE = YES;
				INFOPLIST_KEY_UIApplicationSceneManifest_Generation = YES;
				INFOPLIST_KEY_UIApplicationSupportsIndirectInputEvents = YES;
				INFOPLIST_KEY_UILaunchScreen_Generation = YES;
				INFOPLIST_KEY_UISupportedInterfaceOrientations_iPad = "UIInterfaceOrientationPortrait UIInterfaceOrientationPortraitUpsideDown UIInterfaceOrientationLandscapeLeft UIInterfaceOrientationLandscapeRight";
				INFOPLIST_KEY_UISupportedInterfaceOrientations_iPhone = "UIInterfaceOrientationPortrait UIInterfaceOrientationLandscapeLeft UIInterfaceOrientationLandscapeRight";
				LD_RUNPATH_SEARCH_PATHS = (
					"$(inherited)",
					"@executable_path/Frameworks",
				);
				MARKETING_VERSION = 1.0;
				PRODUCT_BUNDLE_IDENTIFIER = "com.alex.Dicee-SwiftUI";
				PRODUCT_NAME = "$(TARGET_NAME)";
				SWIFT_EMIT_LOC_STRINGS = YES;
				SWIFT_VERSION = 5.0;
				TARGETED_DEVICE_FAMILY = "1,2";
			};
			name = Debug;
		};
		5B8BF5C22B620AE0009100D4 /* Release */ = {
			isa = XCBuildConfiguration;
			buildSettings = {
				ASSETCATALOG_COMPILER_APPICON_NAME = AppIcon;
				ASSETCATALOG_COMPILER_GLOBAL_ACCENT_COLOR_NAME = AccentColor;
				CODE_SIGN_STYLE = Automatic;
				CURRENT_PROJECT_VERSION = 1;
				DEVELOPMENT_ASSET_PATHS = "\"Dicee-SwiftUI/Preview Content\"";
				ENABLE_PREVIEWS = YES;
				GENERATE_INFOPLIST_FILE = YES;
				INFOPLIST_KEY_UIApplicationSceneManifest_Generation = YES;
				INFOPLIST_KEY_UIApplicationSupportsIndirectInputEvents = YES;
				INFOPLIST_KEY_UILaunchScreen_Generation = YES;
				INFOPLIST_KEY_UISupportedInterfaceOrientations_iPad = "UIInterfaceOrientationPortrait UIInterfaceOrientationPortraitUpsideDown UIInterfaceOrientationLandscapeLeft UIInterfaceOrientationLandscapeRight";
				INFOPLIST_KEY_UISupportedInterfaceOrientations_iPhone = "UIInterfaceOrientationPortrait UIInterfaceOrientationLandscapeLeft UIInterfaceOrientationLandscapeRight";
				LD_RUNPATH_SEARCH_PATHS = (
					"$(inherited)",
					"@executable_path/Frameworks",
				);
				MARKETING_VERSION = 1.0;
				PRODUCT_BUNDLE_IDENTIFIER = "com.alex.Dicee-SwiftUI";
				PRODUCT_NAME = "$(TARGET_NAME)";
				SWIFT_EMIT_LOC_STRINGS = YES;
				SWIFT_VERSION = 5.0;
				TARGETED_DEVICE_FAMILY = "1,2";
			};
			name = Release;
		};
		5B8BF5C42B620AE0009100D4 /* Debug */ = {
			isa = XCBuildConfiguration;
			buildSettings = {
				ALWAYS_EMBED_SWIFT_STANDARD_LIBRARIES = YES;
				BUNDLE_LOADER = "$(TEST_HOST)";
				CODE_SIGN_STYLE = Automatic;
				CURRENT_PROJECT_VERSION = 1;
				GENERATE_INFOPLIST_FILE = YES;
				IPHONEOS_DEPLOYMENT_TARGET = 17.2;
				MARKETING_VERSION = 1.0;
				PRODUCT_BUNDLE_IDENTIFIER = "com.alex.Dicee-SwiftUITests";
				PRODUCT_NAME = "$(TARGET_NAME)";
				SWIFT_EMIT_LOC_STRINGS = NO;
				SWIFT_VERSION = 5.0;
				TARGETED_DEVICE_FAMILY = "1,2";
				TEST_HOST = "$(BUILT_PRODUCTS_DIR)/Dicee-SwiftUI.app/$(BUNDLE_EXECUTABLE_FOLDER_PATH)/Dicee-SwiftUI";
			};
			name = Debug;
		};
		5B8BF5C52B620AE0009100D4 /* Release */ = {
			isa = XCBuildConfiguration;
			buildSettings = {
				ALWAYS_EMBED_SWIFT_STANDARD_LIBRARIES = YES;
				BUNDLE_LOADER = "$(TEST_HOST)";
				CODE_SIGN_STYLE = Automatic;
				CURRENT_PROJECT_VERSION = 1;
				GENERATE_INFOPLIST_FILE = YES;
				IPHONEOS_DEPLOYMENT_TARGET = 17.2;
				MARKETING_VERSION = 1.0;
				PRODUCT_BUNDLE_IDENTIFIER = "com.alex.Dicee-SwiftUITests";
				PRODUCT_NAME = "$(TARGET_NAME)";
				SWIFT_EMIT_LOC_STRINGS = NO;
				SWIFT_VERSION = 5.0;
				TARGETED_DEVICE_FAMILY = "1,2";
				TEST_HOST = "$(BUILT_PRODUCTS_DIR)/Dicee-SwiftUI.app/$(BUNDLE_EXECUTABLE_FOLDER_PATH)/Dicee-SwiftUI";
			};
			name = Release;
		};
		5B8BF5C72B620AE0009100D4 /* Debug */ = {
			isa = XCBuildConfiguration;
			buildSettings = {
				ALWAYS_EMBED_SWIFT_STANDARD_LIBRARIES = YES;
				CODE_SIGN_STYLE = Automatic;
				CURRENT_PROJECT_VERSION = 1;
				GENERATE_INFOPLIST_FILE = YES;
				MARKETING_VERSION = 1.0;
				PRODUCT_BUNDLE_IDENTIFIER = "com.alex.Dicee-SwiftUIUITests";
				PRODUCT_NAME = "$(TARGET_NAME)";
				SWIFT_EMIT_LOC_STRINGS = NO;
				SWIFT_VERSION = 5.0;
				TARGETED_DEVICE_FAMILY = "1,2";
				TEST_TARGET_NAME = "Dicee-SwiftUI";
			};
			name = Debug;
		};
		5B8BF5C82B620AE0009100D4 /* Release */ = {
			isa = XCBuildConfiguration;
			buildSettings = {
				ALWAYS_EMBED_SWIFT_STANDARD_LIBRARIES = YES;
				CODE_SIGN_STYLE = Automatic;
				CURRENT_PROJECT_VERSION = 1;
				GENERATE_INFOPLIST_FILE = YES;
				MARKETING_VERSION = 1.0;
				PRODUCT_BUNDLE_IDENTIFIER = "com.alex.Dicee-SwiftUIUITests";
				PRODUCT_NAME = "$(TARGET_NAME)";
				SWIFT_EMIT_LOC_STRINGS = NO;
				SWIFT_VERSION = 5.0;
				TARGETED_DEVICE_FAMILY = "1,2";
				TEST_TARGET_NAME = "Dicee-SwiftUI";
			};
			name = Release;
		};
/* End XCBuildConfiguration section */

/* Begin XCConfigurationList section */
		5B8BF5972B620ADE009100D4 /* Build configuration list for PBXProject "Dicee-SwiftUI" */ = {
			isa = XCConfigurationList;
			buildConfigurations = (
				5B8BF5BE2B620AE0009100D4 /* Debug */,
				5B8BF5BF2B620AE0009100D4 /* Release */,
			);
			defaultConfigurationIsVisible = 0;
			defaultConfigurationName = Release;
		};
		5B8BF5C02B620AE0009100D4 /* Build configuration list for PBXNativeTarget "Dicee-SwiftUI" */ = {
			isa = XCConfigurationList;
			buildConfigurations = (
				5B8BF5C12B620AE0009100D4 /* Debug */,
				5B8BF5C22B620AE0009100D4 /* Release */,
			);
			defaultConfigurationIsVisible = 0;
			defaultConfigurationName = Release;
		};
		5B8BF5C32B620AE0009100D4 /* Build configuration list for PBXNativeTarget "Dicee-SwiftUITests" */ = {
			isa = XCConfigurationList;
			buildConfigurations = (
				5B8BF5C42B620AE0009100D4 /* Debug */,
				5B8BF5C52B620AE0009100D4 /* Release */,
			);
			defaultConfigurationIsVisible = 0;
			defaultConfigurationName = Release;
		};
		5B8BF5C62B620AE0009100D4 /* Build configuration list for PBXNativeTarget "Dicee-SwiftUIUITests" */ = {
			isa = XCConfigurationList;
			buildConfigurations = (
				5B8BF5C72B620AE0009100D4 /* Debug */,
				5B8BF5C82B620AE0009100D4 /* Release */,
			);
			defaultConfigurationIsVisible = 0;
			defaultConfigurationName = Release;
		};
/* End XCConfigurationList section */
	};
	rootObject = 5B8BF5942B620ADE009100D4 /* Project object */;
}
