// !$*UTF8*$!
{
	archiveVersion = 1;
	classes = {
	};
	objectVersion = 54;
	objects = {

/* Begin PBXBuildFile section */
		0B628177235DEE8100E35CAF /* AppDelegate.swift in Sources */ = {isa = PBXBuildFile; fileRef = 0B628176235DEE8100E35CAF /* AppDelegate.swift */; };
		0B628179235DEE8100E35CAF /* SceneDelegate.swift in Sources */ = {isa = PBXBuildFile; fileRef = 0B628178235DEE8100E35CAF /* SceneDelegate.swift */; };
		0B62817E235DEE8100E35CAF /* Main.storyboard in Resources */ = {isa = PBXBuildFile; fileRef = 0B62817C235DEE8100E35CAF /* Main.storyboard */; };
		0B628180235DEE8400E35CAF /* Assets.xcassets in Resources */ = {isa = PBXBuildFile; fileRef = 0B62817F235DEE8400E35CAF /* Assets.xcassets */; };
		0B628183235DEE8400E35CAF /* LaunchScreen.storyboard in Resources */ = {isa = PBXBuildFile; fileRef = 0B628181235DEE8400E35CAF /* LaunchScreen.storyboard */; };
		0B62818B235DF00000E35CAF /* WelcomeViewController.swift in Sources */ = {isa = PBXBuildFile; fileRef = 0B62818A235DF00000E35CAF /* WelcomeViewController.swift */; };
		0B62818D235DF00B00E35CAF /* RegisterViewController.swift in Sources */ = {isa = PBXBuildFile; fileRef = 0B62818C235DF00B00E35CAF /* RegisterViewController.swift */; };
		0B62818F235DF01000E35CAF /* LoginViewController.swift in Sources */ = {isa = PBXBuildFile; fileRef = 0B62818E235DF01000E35CAF /* LoginViewController.swift */; };
		0B628191235DF01B00E35CAF /* ChatViewController.swift in Sources */ = {isa = PBXBuildFile; fileRef = 0B628190235DF01B00E35CAF /* ChatViewController.swift */; };
		0B62819E235F0F4D00E35CAF /* README.md in Resources */ = {isa = PBXBuildFile; fileRef = 0B62819D235F0F4D00E35CAF /* README.md */; };
		5B8BF4E22B5A3055009100D4 /* GoogleService-Info.plist in Resources */ = {isa = PBXBuildFile; fileRef = 5B8BF4E12B5A3055009100D4 /* GoogleService-Info.plist */; };
		5B8BF4E52B5A30B7009100D4 /* FirebaseAnalytics in Frameworks */ = {isa = PBXBuildFile; productRef = 5B8BF4E42B5A30B7009100D4 /* FirebaseAnalytics */; };
		5B8BF4E72B5A30B7009100D4 /* FirebaseAnalyticsOnDeviceConversion in Frameworks */ = {isa = PBXBuildFile; productRef = 5B8BF4E62B5A30B7009100D4 /* FirebaseAnalyticsOnDeviceConversion */; };
		5B8BF4E92B5A30B7009100D4 /* FirebaseAnalyticsSwift in Frameworks */ = {isa = PBXBuildFile; productRef = 5B8BF4E82B5A30B7009100D4 /* FirebaseAnalyticsSwift */; };
		5B8BF4EB2B5A30B7009100D4 /* FirebaseAnalyticsWithoutAdIdSupport in Frameworks */ = {isa = PBXBuildFile; productRef = 5B8BF4EA2B5A30B7009100D4 /* FirebaseAnalyticsWithoutAdIdSupport */; };
		5B8BF4ED2B5A30B7009100D4 /* FirebaseAppCheck in Frameworks */ = {isa = PBXBuildFile; productRef = 5B8BF4EC2B5A30B7009100D4 /* FirebaseAppCheck */; };
		5B8BF4EF2B5A30B7009100D4 /* FirebaseAppDistribution-Beta in Frameworks */ = {isa = PBXBuildFile; productRef = 5B8BF4EE2B5A30B7009100D4 /* FirebaseAppDistribution-Beta */; };
		5B8BF4F12B5A30B7009100D4 /* FirebaseAuth in Frameworks */ = {isa = PBXBuildFile; productRef = 5B8BF4F02B5A30B7009100D4 /* FirebaseAuth */; };
		5B8BF4F32B5A30B7009100D4 /* FirebaseAuthCombine-Community in Frameworks */ = {isa = PBXBuildFile; productRef = 5B8BF4F22B5A30B7009100D4 /* FirebaseAuthCombine-Community */; };
		5B8BF4F52B5A30B7009100D4 /* FirebaseCrashlytics in Frameworks */ = {isa = PBXBuildFile; productRef = 5B8BF4F42B5A30B7009100D4 /* FirebaseCrashlytics */; };
		5B8BF4F72B5A30B7009100D4 /* FirebaseDatabase in Frameworks */ = {isa = PBXBuildFile; productRef = 5B8BF4F62B5A30B7009100D4 /* FirebaseDatabase */; };
		5B8BF4F92B5A30B7009100D4 /* FirebaseDatabaseSwift in Frameworks */ = {isa = PBXBuildFile; productRef = 5B8BF4F82B5A30B7009100D4 /* FirebaseDatabaseSwift */; };
		5B8BF4FB2B5A30B7009100D4 /* FirebaseDynamicLinks in Frameworks */ = {isa = PBXBuildFile; productRef = 5B8BF4FA2B5A30B7009100D4 /* FirebaseDynamicLinks */; };
		5B8BF4FD2B5A30B7009100D4 /* FirebaseFirestore in Frameworks */ = {isa = PBXBuildFile; productRef = 5B8BF4FC2B5A30B7009100D4 /* FirebaseFirestore */; };
		5B8BF4FF2B5A30B7009100D4 /* FirebaseFirestoreCombine-Community in Frameworks */ = {isa = PBXBuildFile; productRef = 5B8BF4FE2B5A30B7009100D4 /* FirebaseFirestoreCombine-Community */; };
		5B8BF5012B5A30B7009100D4 /* FirebaseFirestoreSwift in Frameworks */ = {isa = PBXBuildFile; productRef = 5B8BF5002B5A30B7009100D4 /* FirebaseFirestoreSwift */; };
		5B8BF5032B5A30B7009100D4 /* FirebaseFunctions in Frameworks */ = {isa = PBXBuildFile; productRef = 5B8BF5022B5A30B7009100D4 /* FirebaseFunctions */; };
		5B8BF5052B5A30B7009100D4 /* FirebaseFunctionsCombine-Community in Frameworks */ = {isa = PBXBuildFile; productRef = 5B8BF5042B5A30B7009100D4 /* FirebaseFunctionsCombine-Community */; };
		5B8BF5072B5A30B7009100D4 /* FirebaseInAppMessaging-Beta in Frameworks */ = {isa = PBXBuildFile; productRef = 5B8BF5062B5A30B7009100D4 /* FirebaseInAppMessaging-Beta */; };
		5B8BF5092B5A30B7009100D4 /* FirebaseInAppMessagingSwift-Beta in Frameworks */ = {isa = PBXBuildFile; productRef = 5B8BF5082B5A30B7009100D4 /* FirebaseInAppMessagingSwift-Beta */; };
		5B8BF50B2B5A30B7009100D4 /* FirebaseInstallations in Frameworks */ = {isa = PBXBuildFile; productRef = 5B8BF50A2B5A30B7009100D4 /* FirebaseInstallations */; };
		5B8BF50D2B5A30B7009100D4 /* FirebaseMLModelDownloader in Frameworks */ = {isa = PBXBuildFile; productRef = 5B8BF50C2B5A30B7009100D4 /* FirebaseMLModelDownloader */; };
		5B8BF50F2B5A30B7009100D4 /* FirebaseMessaging in Frameworks */ = {isa = PBXBuildFile; productRef = 5B8BF50E2B5A30B7009100D4 /* FirebaseMessaging */; };
		5B8BF5112B5A30B7009100D4 /* FirebasePerformance in Frameworks */ = {isa = PBXBuildFile; productRef = 5B8BF5102B5A30B7009100D4 /* FirebasePerformance */; };
		5B8BF5132B5A30B7009100D4 /* FirebaseRemoteConfig in Frameworks */ = {isa = PBXBuildFile; productRef = 5B8BF5122B5A30B7009100D4 /* FirebaseRemoteConfig */; };
		5B8BF5152B5A30B7009100D4 /* FirebaseRemoteConfigSwift in Frameworks */ = {isa = PBXBuildFile; productRef = 5B8BF5142B5A30B7009100D4 /* FirebaseRemoteConfigSwift */; };
		5B8BF5172B5B75DE009100D4 /* Constants.swift in Sources */ = {isa = PBXBuildFile; fileRef = 5B8BF5162B5B75DE009100D4 /* Constants.swift */; };
		5B8BF5192B5B7984009100D4 /* Message.swift in Sources */ = {isa = PBXBuildFile; fileRef = 5B8BF5182B5B7984009100D4 /* Message.swift */; };
		5B8BF51C2B5B80FA009100D4 /* MessageCell.swift in Sources */ = {isa = PBXBuildFile; fileRef = 5B8BF51A2B5B80FA009100D4 /* MessageCell.swift */; };
		5B8BF51D2B5B80FA009100D4 /* MessageCell.xib in Resources */ = {isa = PBXBuildFile; fileRef = 5B8BF51B2B5B80FA009100D4 /* MessageCell.xib */; };
		5B8BF5202B5E1FA0009100D4 /* IQKeyboardManagerSwift in Frameworks */ = {isa = PBXBuildFile; productRef = 5B8BF51F2B5E1FA0009100D4 /* IQKeyboardManagerSwift */; };
		8BE06C4A9AF530E1E294ACB5 /* Pods_Flash_Chat_iOS13.framework in Frameworks */ = {isa = PBXBuildFile; fileRef = F10AF3589E7766AE4A016814 /* Pods_Flash_Chat_iOS13.framework */; };
/* End PBXBuildFile section */

/* Begin PBXFileReference section */
		0B628173235DEE8100E35CAF /* Flash Chat iOS13.app */ = {isa = PBXFileReference; explicitFileType = wrapper.application; includeInIndex = 0; path = "Flash Chat iOS13.app"; sourceTree = BUILT_PRODUCTS_DIR; };
		0B628176235DEE8100E35CAF /* AppDelegate.swift */ = {isa = PBXFileReference; lastKnownFileType = sourcecode.swift; path = AppDelegate.swift; sourceTree = "<group>"; };
		0B628178235DEE8100E35CAF /* SceneDelegate.swift */ = {isa = PBXFileReference; lastKnownFileType = sourcecode.swift; path = SceneDelegate.swift; sourceTree = "<group>"; };
		0B62817D235DEE8100E35CAF /* Base */ = {isa = PBXFileReference; lastKnownFileType = file.storyboard; name = Base; path = Base.lproj/Main.storyboard; sourceTree = "<group>"; };
		0B62817F235DEE8400E35CAF /* Assets.xcassets */ = {isa = PBXFileReference; lastKnownFileType = folder.assetcatalog; path = Assets.xcassets; sourceTree = "<group>"; };
		0B628182235DEE8400E35CAF /* Base */ = {isa = PBXFileReference; lastKnownFileType = file.storyboard; name = Base; path = Base.lproj/LaunchScreen.storyboard; sourceTree = "<group>"; };
		0B628184235DEE8400E35CAF /* Info.plist */ = {isa = PBXFileReference; lastKnownFileType = text.plist.xml; path = Info.plist; sourceTree = "<group>"; };
		0B62818A235DF00000E35CAF /* WelcomeViewController.swift */ = {isa = PBXFileReference; lastKnownFileType = sourcecode.swift; path = WelcomeViewController.swift; sourceTree = "<group>"; };
		0B62818C235DF00B00E35CAF /* RegisterViewController.swift */ = {isa = PBXFileReference; lastKnownFileType = sourcecode.swift; path = RegisterViewController.swift; sourceTree = "<group>"; };
		0B62818E235DF01000E35CAF /* LoginViewController.swift */ = {isa = PBXFileReference; lastKnownFileType = sourcecode.swift; path = LoginViewController.swift; sourceTree = "<group>"; };
		0B628190235DF01B00E35CAF /* ChatViewController.swift */ = {isa = PBXFileReference; lastKnownFileType = sourcecode.swift; path = ChatViewController.swift; sourceTree = "<group>"; };
		0B62819D235F0F4D00E35CAF /* README.md */ = {isa = PBXFileReference; fileEncoding = 4; lastKnownFileType = net.daringfireball.markdown; path = README.md; sourceTree = "<group>"; };
		4377F3A086EF6B712059E89C /* Pods-Flash Chat iOS13.release.xcconfig */ = {isa = PBXFileReference; includeInIndex = 1; lastKnownFileType = text.xcconfig; name = "Pods-Flash Chat iOS13.release.xcconfig"; path = "Target Support Files/Pods-Flash Chat iOS13/Pods-Flash Chat iOS13.release.xcconfig"; sourceTree = "<group>"; };
		5B8BF4E12B5A3055009100D4 /* GoogleService-Info.plist */ = {isa = PBXFileReference; fileEncoding = 4; lastKnownFileType = text.plist.xml; path = "GoogleService-Info.plist"; sourceTree = "<group>"; };
		5B8BF5162B5B75DE009100D4 /* Constants.swift */ = {isa = PBXFileReference; lastKnownFileType = sourcecode.swift; path = Constants.swift; sourceTree = "<group>"; };
		5B8BF5182B5B7984009100D4 /* Message.swift */ = {isa = PBXFileReference; lastKnownFileType = sourcecode.swift; path = Message.swift; sourceTree = "<group>"; };
		5B8BF51A2B5B80FA009100D4 /* MessageCell.swift */ = {isa = PBXFileReference; lastKnownFileType = sourcecode.swift; path = MessageCell.swift; sourceTree = "<group>"; };
		5B8BF51B2B5B80FA009100D4 /* MessageCell.xib */ = {isa = PBXFileReference; lastKnownFileType = file.xib; path = MessageCell.xib; sourceTree = "<group>"; };
		857BA74CE8602E6F8EC7415B /* Pods-Flash Chat iOS13.debug.xcconfig */ = {isa = PBXFileReference; includeInIndex = 1; lastKnownFileType = text.xcconfig; name = "Pods-Flash Chat iOS13.debug.xcconfig"; path = "Target Support Files/Pods-Flash Chat iOS13/Pods-Flash Chat iOS13.debug.xcconfig"; sourceTree = "<group>"; };
		F10AF3589E7766AE4A016814 /* Pods_Flash_Chat_iOS13.framework */ = {isa = PBXFileReference; explicitFileType = wrapper.framework; includeInIndex = 0; path = Pods_Flash_Chat_iOS13.framework; sourceTree = BUILT_PRODUCTS_DIR; };
/* End PBXFileReference section */

/* Begin PBXFrameworksBuildPhase section */
		0B628170235DEE8100E35CAF /* Frameworks */ = {
			isa = PBXFrameworksBuildPhase;
			buildActionMask = 2147483647;
			files = (
				5B8BF5032B5A30B7009100D4 /* FirebaseFunctions in Frameworks */,
				5B8BF4F92B5A30B7009100D4 /* FirebaseDatabaseSwift in Frameworks */,
				5B8BF5092B5A30B7009100D4 /* FirebaseInAppMessagingSwift-Beta in Frameworks */,
				5B8BF50F2B5A30B7009100D4 /* FirebaseMessaging in Frameworks */,
				5B8BF4EF2B5A30B7009100D4 /* FirebaseAppDistribution-Beta in Frameworks */,
				5B8BF4F32B5A30B7009100D4 /* FirebaseAuthCombine-Community in Frameworks */,
				5B8BF4FF2B5A30B7009100D4 /* FirebaseFirestoreCombine-Community in Frameworks */,
				5B8BF4E92B5A30B7009100D4 /* FirebaseAnalyticsSwift in Frameworks */,
				5B8BF50D2B5A30B7009100D4 /* FirebaseMLModelDownloader in Frameworks */,
				5B8BF4EB2B5A30B7009100D4 /* FirebaseAnalyticsWithoutAdIdSupport in Frameworks */,
				5B8BF4E52B5A30B7009100D4 /* FirebaseAnalytics in Frameworks */,
				5B8BF5012B5A30B7009100D4 /* FirebaseFirestoreSwift in Frameworks */,
				5B8BF4E72B5A30B7009100D4 /* FirebaseAnalyticsOnDeviceConversion in Frameworks */,
				5B8BF4ED2B5A30B7009100D4 /* FirebaseAppCheck in Frameworks */,
				5B8BF5202B5E1FA0009100D4 /* IQKeyboardManagerSwift in Frameworks */,
				5B8BF5112B5A30B7009100D4 /* FirebasePerformance in Frameworks */,
				5B8BF5072B5A30B7009100D4 /* FirebaseInAppMessaging-Beta in Frameworks */,
				5B8BF5052B5A30B7009100D4 /* FirebaseFunctionsCombine-Community in Frameworks */,
				5B8BF4F52B5A30B7009100D4 /* FirebaseCrashlytics in Frameworks */,
				5B8BF50B2B5A30B7009100D4 /* FirebaseInstallations in Frameworks */,
				5B8BF5132B5A30B7009100D4 /* FirebaseRemoteConfig in Frameworks */,
				5B8BF4F72B5A30B7009100D4 /* FirebaseDatabase in Frameworks */,
				8BE06C4A9AF530E1E294ACB5 /* Pods_Flash_Chat_iOS13.framework in Frameworks */,
				5B8BF4F12B5A30B7009100D4 /* FirebaseAuth in Frameworks */,
				5B8BF4FB2B5A30B7009100D4 /* FirebaseDynamicLinks in Frameworks */,
				5B8BF4FD2B5A30B7009100D4 /* FirebaseFirestore in Frameworks */,
				5B8BF5152B5A30B7009100D4 /* FirebaseRemoteConfigSwift in Frameworks */,
			);
			runOnlyForDeploymentPostprocessing = 0;
		};
/* End PBXFrameworksBuildPhase section */

/* Begin PBXGroup section */
		0B62816A235DEE8100E35CAF = {
			isa = PBXGroup;
			children = (
				0B62819D235F0F4D00E35CAF /* README.md */,
				0B628175235DEE8100E35CAF /* Flash Chat iOS13 */,
				0B628174235DEE8100E35CAF /* Products */,
				39DF17CD2BAD6DC168AB8A4E /* Pods */,
				8A63EE579D4A711BCF3FC287 /* Frameworks */,
			);
			sourceTree = "<group>";
		};
		0B628174235DEE8100E35CAF /* Products */ = {
			isa = PBXGroup;
			children = (
				0B628173235DEE8100E35CAF /* Flash Chat iOS13.app */,
			);
			name = Products;
			sourceTree = "<group>";
		};
		0B628175235DEE8100E35CAF /* Flash Chat iOS13 */ = {
			isa = PBXGroup;
			children = (
				0B628176235DEE8100E35CAF /* AppDelegate.swift */,
				0B628178235DEE8100E35CAF /* SceneDelegate.swift */,
				0B628194235DF03A00E35CAF /* Models */,
				0B628193235DF03400E35CAF /* Views */,
				0B628192235DF02000E35CAF /* Controllers */,
				0B62817F235DEE8400E35CAF /* Assets.xcassets */,
				0B628181235DEE8400E35CAF /* LaunchScreen.storyboard */,
				0B628184235DEE8400E35CAF /* Info.plist */,
				5B8BF4E12B5A3055009100D4 /* GoogleService-Info.plist */,
				5B8BF5162B5B75DE009100D4 /* Constants.swift */,
			);
			path = "Flash Chat iOS13";
			sourceTree = "<group>";
		};
		0B628192235DF02000E35CAF /* Controllers */ = {
			isa = PBXGroup;
			children = (
				0B62818A235DF00000E35CAF /* WelcomeViewController.swift */,
				0B62818C235DF00B00E35CAF /* RegisterViewController.swift */,
				0B62818E235DF01000E35CAF /* LoginViewController.swift */,
				0B628190235DF01B00E35CAF /* ChatViewController.swift */,
			);
			path = Controllers;
			sourceTree = "<group>";
		};
		0B628193235DF03400E35CAF /* Views */ = {
			isa = PBXGroup;
			children = (
				0B62817C235DEE8100E35CAF /* Main.storyboard */,
				5B8BF51A2B5B80FA009100D4 /* MessageCell.swift */,
				5B8BF51B2B5B80FA009100D4 /* MessageCell.xib */,
			);
			path = Views;
			sourceTree = "<group>";
		};
		0B628194235DF03A00E35CAF /* Models */ = {
			isa = PBXGroup;
			children = (
				5B8BF5182B5B7984009100D4 /* Message.swift */,
			);
			path = Models;
			sourceTree = "<group>";
		};
		39DF17CD2BAD6DC168AB8A4E /* Pods */ = {
			isa = PBXGroup;
			children = (
				857BA74CE8602E6F8EC7415B /* Pods-Flash Chat iOS13.debug.xcconfig */,
				4377F3A086EF6B712059E89C /* Pods-Flash Chat iOS13.release.xcconfig */,
			);
			path = Pods;
			sourceTree = "<group>";
		};
		8A63EE579D4A711BCF3FC287 /* Frameworks */ = {
			isa = PBXGroup;
			children = (
				F10AF3589E7766AE4A016814 /* Pods_Flash_Chat_iOS13.framework */,
			);
			name = Frameworks;
			sourceTree = "<group>";
		};
/* End PBXGroup section */

/* Begin PBXNativeTarget section */
		0B628172235DEE8100E35CAF /* Flash Chat iOS13 */ = {
			isa = PBXNativeTarget;
			buildConfigurationList = 0B628187235DEE8400E35CAF /* Build configuration list for PBXNativeTarget "Flash Chat iOS13" */;
			buildPhases = (
				249A6A1861F2E8EE5FAA5780 /* [CP] Check Pods Manifest.lock */,
				0B62816F235DEE8100E35CAF /* Sources */,
				0B628170235DEE8100E35CAF /* Frameworks */,
				0B628171235DEE8100E35CAF /* Resources */,
			);
			buildRules = (
			);
			dependencies = (
			);
			name = "Flash Chat iOS13";
			packageProductDependencies = (
				5B8BF4E42B5A30B7009100D4 /* FirebaseAnalytics */,
				5B8BF4E62B5A30B7009100D4 /* FirebaseAnalyticsOnDeviceConversion */,
				5B8BF4E82B5A30B7009100D4 /* FirebaseAnalyticsSwift */,
				5B8BF4EA2B5A30B7009100D4 /* FirebaseAnalyticsWithoutAdIdSupport */,
				5B8BF4EC2B5A30B7009100D4 /* FirebaseAppCheck */,
				5B8BF4EE2B5A30B7009100D4 /* FirebaseAppDistribution-Beta */,
				5B8BF4F02B5A30B7009100D4 /* FirebaseAuth */,
				5B8BF4F22B5A30B7009100D4 /* FirebaseAuthCombine-Community */,
				5B8BF4F42B5A30B7009100D4 /* FirebaseCrashlytics */,
				5B8BF4F62B5A30B7009100D4 /* FirebaseDatabase */,
				5B8BF4F82B5A30B7009100D4 /* FirebaseDatabaseSwift */,
				5B8BF4FA2B5A30B7009100D4 /* FirebaseDynamicLinks */,
				5B8BF4FC2B5A30B7009100D4 /* FirebaseFirestore */,
				5B8BF4FE2B5A30B7009100D4 /* FirebaseFirestoreCombine-Community */,
				5B8BF5002B5A30B7009100D4 /* FirebaseFirestoreSwift */,
				5B8BF5022B5A30B7009100D4 /* FirebaseFunctions */,
				5B8BF5042B5A30B7009100D4 /* FirebaseFunctionsCombine-Community */,
				5B8BF5062B5A30B7009100D4 /* FirebaseInAppMessaging-Beta */,
				5B8BF5082B5A30B7009100D4 /* FirebaseInAppMessagingSwift-Beta */,
				5B8BF50A2B5A30B7009100D4 /* FirebaseInstallations */,
				5B8BF50C2B5A30B7009100D4 /* FirebaseMLModelDownloader */,
				5B8BF50E2B5A30B7009100D4 /* FirebaseMessaging */,
				5B8BF5102B5A30B7009100D4 /* FirebasePerformance */,
				5B8BF5122B5A30B7009100D4 /* FirebaseRemoteConfig */,
				5B8BF5142B5A30B7009100D4 /* FirebaseRemoteConfigSwift */,
				5B8BF51F2B5E1FA0009100D4 /* IQKeyboardManagerSwift */,
			);
			productName = "Flash Chat iOS13";
			productReference = 0B628173235DEE8100E35CAF /* Flash Chat iOS13.app */;
			productType = "com.apple.product-type.application";
		};
/* End PBXNativeTarget section */

/* Begin PBXProject section */
		0B62816B235DEE8100E35CAF /* Project object */ = {
			isa = PBXProject;
			attributes = {
				LastSwiftUpdateCheck = 1110;
				LastUpgradeCheck = 1110;
				ORGANIZATIONNAME = "Angela Yu";
				TargetAttributes = {
					0B628172235DEE8100E35CAF = {
						CreatedOnToolsVersion = 11.1;
					};
				};
			};
			buildConfigurationList = 0B62816E235DEE8100E35CAF /* Build configuration list for PBXProject "Flash Chat iOS13" */;
			compatibilityVersion = "Xcode 9.3";
			developmentRegion = en;
			hasScannedForEncodings = 0;
			knownRegions = (
				en,
				Base,
			);
			mainGroup = 0B62816A235DEE8100E35CAF;
			packageReferences = (
				5B8BF4E32B5A30B7009100D4 /* XCRemoteSwiftPackageReference "firebase-ios-sdk" */,
				5B8BF51E2B5E1FA0009100D4 /* XCRemoteSwiftPackageReference "IQKeyboardManager" */,
			);
			productRefGroup = 0B628174235DEE8100E35CAF /* Products */;
			projectDirPath = "";
			projectRoot = "";
			targets = (
				0B628172235DEE8100E35CAF /* Flash Chat iOS13 */,
			);
		};
/* End PBXProject section */

/* Begin PBXResourcesBuildPhase section */
		0B628171235DEE8100E35CAF /* Resources */ = {
			isa = PBXResourcesBuildPhase;
			buildActionMask = 2147483647;
			files = (
				0B628183235DEE8400E35CAF /* LaunchScreen.storyboard in Resources */,
				5B8BF51D2B5B80FA009100D4 /* MessageCell.xib in Resources */,
				0B628180235DEE8400E35CAF /* Assets.xcassets in Resources */,
				5B8BF4E22B5A3055009100D4 /* GoogleService-Info.plist in Resources */,
				0B62819E235F0F4D00E35CAF /* README.md in Resources */,
				0B62817E235DEE8100E35CAF /* Main.storyboard in Resources */,
			);
			runOnlyForDeploymentPostprocessing = 0;
		};
/* End PBXResourcesBuildPhase section */

/* Begin PBXShellScriptBuildPhase section */
		249A6A1861F2E8EE5FAA5780 /* [CP] Check Pods Manifest.lock */ = {
			isa = PBXShellScriptBuildPhase;
			buildActionMask = 2147483647;
			files = (
			);
			inputFileListPaths = (
			);
			inputPaths = (
				"${PODS_PODFILE_DIR_PATH}/Podfile.lock",
				"${PODS_ROOT}/Manifest.lock",
			);
			name = "[CP] Check Pods Manifest.lock";
			outputFileListPaths = (
			);
			outputPaths = (
				"$(DERIVED_FILE_DIR)/Pods-Flash Chat iOS13-checkManifestLockResult.txt",
			);
			runOnlyForDeploymentPostprocessing = 0;
			shellPath = /bin/sh;
			shellScript = "diff \"${PODS_PODFILE_DIR_PATH}/Podfile.lock\" \"${PODS_ROOT}/Manifest.lock\" > /dev/null\nif [ $? != 0 ] ; then\n    # print error to STDERR\n    echo \"error: The sandbox is not in sync with the Podfile.lock. Run 'pod install' or update your CocoaPods installation.\" >&2\n    exit 1\nfi\n# This output is used by Xcode 'outputs' to avoid re-running this script phase.\necho \"SUCCESS\" > \"${SCRIPT_OUTPUT_FILE_0}\"\n";
			showEnvVarsInLog = 0;
		};
/* End PBXShellScriptBuildPhase section */

/* Begin PBXSourcesBuildPhase section */
		0B62816F235DEE8100E35CAF /* Sources */ = {
			isa = PBXSourcesBuildPhase;
			buildActionMask = 2147483647;
			files = (
				0B62818B235DF00000E35CAF /* WelcomeViewController.swift in Sources */,
				0B628177235DEE8100E35CAF /* AppDelegate.swift in Sources */,
				0B628179235DEE8100E35CAF /* SceneDelegate.swift in Sources */,
				0B62818F235DF01000E35CAF /* LoginViewController.swift in Sources */,
				5B8BF5172B5B75DE009100D4 /* Constants.swift in Sources */,
				5B8BF5192B5B7984009100D4 /* Message.swift in Sources */,
				0B628191235DF01B00E35CAF /* ChatViewController.swift in Sources */,
				0B62818D235DF00B00E35CAF /* RegisterViewController.swift in Sources */,
				5B8BF51C2B5B80FA009100D4 /* MessageCell.swift in Sources */,
			);
			runOnlyForDeploymentPostprocessing = 0;
		};
/* End PBXSourcesBuildPhase section */

/* Begin PBXVariantGroup section */
		0B62817C235DEE8100E35CAF /* Main.storyboard */ = {
			isa = PBXVariantGroup;
			children = (
				0B62817D235DEE8100E35CAF /* Base */,
			);
			name = Main.storyboard;
			sourceTree = "<group>";
		};
		0B628181235DEE8400E35CAF /* LaunchScreen.storyboard */ = {
			isa = PBXVariantGroup;
			children = (
				0B628182235DEE8400E35CAF /* Base */,
			);
			name = LaunchScreen.storyboard;
			sourceTree = "<group>";
		};
/* End PBXVariantGroup section */

/* Begin XCBuildConfiguration section */
		0B628185235DEE8400E35CAF /* Debug */ = {
			isa = XCBuildConfiguration;
			buildSettings = {
				ALWAYS_SEARCH_USER_PATHS = NO;
				CLANG_ANALYZER_NONNULL = YES;
				CLANG_ANALYZER_NUMBER_OBJECT_CONVERSION = YES_AGGRESSIVE;
				CLANG_CXX_LANGUAGE_STANDARD = "gnu++14";
				CLANG_CXX_LIBRARY = "libc++";
				CLANG_ENABLE_MODULES = YES;
				CLANG_ENABLE_OBJC_ARC = YES;
				CLANG_ENABLE_OBJC_WEAK = YES;
				CLANG_WARN_BLOCK_CAPTURE_AUTORELEASING = YES;
				CLANG_WARN_BOOL_CONVERSION = YES;
				CLANG_WARN_COMMA = YES;
				CLANG_WARN_CONSTANT_CONVERSION = YES;
				CLANG_WARN_DEPRECATED_OBJC_IMPLEMENTATIONS = YES;
				CLANG_WARN_DIRECT_OBJC_ISA_USAGE = YES_ERROR;
				CLANG_WARN_DOCUMENTATION_COMMENTS = YES;
				CLANG_WARN_EMPTY_BODY = YES;
				CLANG_WARN_ENUM_CONVERSION = YES;
				CLANG_WARN_INFINITE_RECURSION = YES;
				CLANG_WARN_INT_CONVERSION = YES;
				CLANG_WARN_NON_LITERAL_NULL_CONVERSION = YES;
				CLANG_WARN_OBJC_IMPLICIT_RETAIN_SELF = YES;
				CLANG_WARN_OBJC_LITERAL_CONVERSION = YES;
				CLANG_WARN_OBJC_ROOT_CLASS = YES_ERROR;
				CLANG_WARN_RANGE_LOOP_ANALYSIS = YES;
				CLANG_WARN_STRICT_PROTOTYPES = YES;
				CLANG_WARN_SUSPICIOUS_MOVE = YES;
				CLANG_WARN_UNGUARDED_AVAILABILITY = YES_AGGRESSIVE;
				CLANG_WARN_UNREACHABLE_CODE = YES;
				CLANG_WARN__DUPLICATE_METHOD_MATCH = YES;
				COPY_PHASE_STRIP = NO;
				DEBUG_INFORMATION_FORMAT = dwarf;
				ENABLE_STRICT_OBJC_MSGSEND = YES;
				ENABLE_TESTABILITY = YES;
				GCC_C_LANGUAGE_STANDARD = gnu11;
				GCC_DYNAMIC_NO_PIC = NO;
				GCC_NO_COMMON_BLOCKS = YES;
				GCC_OPTIMIZATION_LEVEL = 0;
				GCC_PREPROCESSOR_DEFINITIONS = (
					"DEBUG=1",
					"$(inherited)",
				);
				GCC_WARN_64_TO_32_BIT_CONVERSION = YES;
				GCC_WARN_ABOUT_RETURN_TYPE = YES_ERROR;
				GCC_WARN_UNDECLARED_SELECTOR = YES;
				GCC_WARN_UNINITIALIZED_AUTOS = YES_AGGRESSIVE;
				GCC_WARN_UNUSED_FUNCTION = YES;
				GCC_WARN_UNUSED_VARIABLE = YES;
				IPHONEOS_DEPLOYMENT_TARGET = 13.0;
				MTL_ENABLE_DEBUG_INFO = INCLUDE_SOURCE;
				MTL_FAST_MATH = YES;
				ONLY_ACTIVE_ARCH = YES;
				SDKROOT = iphoneos;
				SWIFT_ACTIVE_COMPILATION_CONDITIONS = DEBUG;
				SWIFT_OPTIMIZATION_LEVEL = "-Onone";
			};
			name = Debug;
		};
		0B628186235DEE8400E35CAF /* Release */ = {
			isa = XCBuildConfiguration;
			buildSettings = {
				ALWAYS_SEARCH_USER_PATHS = NO;
				CLANG_ANALYZER_NONNULL = YES;
				CLANG_ANALYZER_NUMBER_OBJECT_CONVERSION = YES_AGGRESSIVE;
				CLANG_CXX_LANGUAGE_STANDARD = "gnu++14";
				CLANG_CXX_LIBRARY = "libc++";
				CLANG_ENABLE_MODULES = YES;
				CLANG_ENABLE_OBJC_ARC = YES;
				CLANG_ENABLE_OBJC_WEAK = YES;
				CLANG_WARN_BLOCK_CAPTURE_AUTORELEASING = YES;
				CLANG_WARN_BOOL_CONVERSION = YES;
				CLANG_WARN_COMMA = YES;
				CLANG_WARN_CONSTANT_CONVERSION = YES;
				CLANG_WARN_DEPRECATED_OBJC_IMPLEMENTATIONS = YES;
				CLANG_WARN_DIRECT_OBJC_ISA_USAGE = YES_ERROR;
				CLANG_WARN_DOCUMENTATION_COMMENTS = YES;
				CLANG_WARN_EMPTY_BODY = YES;
				CLANG_WARN_ENUM_CONVERSION = YES;
				CLANG_WARN_INFINITE_RECURSION = YES;
				CLANG_WARN_INT_CONVERSION = YES;
				CLANG_WARN_NON_LITERAL_NULL_CONVERSION = YES;
				CLANG_WARN_OBJC_IMPLICIT_RETAIN_SELF = YES;
				CLANG_WARN_OBJC_LITERAL_CONVERSION = YES;
				CLANG_WARN_OBJC_ROOT_CLASS = YES_ERROR;
				CLANG_WARN_RANGE_LOOP_ANALYSIS = YES;
				CLANG_WARN_STRICT_PROTOTYPES = YES;
				CLANG_WARN_SUSPICIOUS_MOVE = YES;
				CLANG_WARN_UNGUARDED_AVAILABILITY = YES_AGGRESSIVE;
				CLANG_WARN_UNREACHABLE_CODE = YES;
				CLANG_WARN__DUPLICATE_METHOD_MATCH = YES;
				COPY_PHASE_STRIP = NO;
				DEBUG_INFORMATION_FORMAT = "dwarf-with-dsym";
				ENABLE_NS_ASSERTIONS = NO;
				ENABLE_STRICT_OBJC_MSGSEND = YES;
				GCC_C_LANGUAGE_STANDARD = gnu11;
				GCC_NO_COMMON_BLOCKS = YES;
				GCC_WARN_64_TO_32_BIT_CONVERSION = YES;
				GCC_WARN_ABOUT_RETURN_TYPE = YES_ERROR;
				GCC_WARN_UNDECLARED_SELECTOR = YES;
				GCC_WARN_UNINITIALIZED_AUTOS = YES_AGGRESSIVE;
				GCC_WARN_UNUSED_FUNCTION = YES;
				GCC_WARN_UNUSED_VARIABLE = YES;
				IPHONEOS_DEPLOYMENT_TARGET = 13.0;
				MTL_ENABLE_DEBUG_INFO = NO;
				MTL_FAST_MATH = YES;
				SDKROOT = iphoneos;
				SWIFT_COMPILATION_MODE = wholemodule;
				SWIFT_OPTIMIZATION_LEVEL = "-O";
				VALIDATE_PRODUCT = YES;
			};
			name = Release;
		};
		0B628188235DEE8400E35CAF /* Debug */ = {
			isa = XCBuildConfiguration;
			baseConfigurationReference = 857BA74CE8602E6F8EC7415B /* Pods-Flash Chat iOS13.debug.xcconfig */;
			buildSettings = {
				ASSETCATALOG_COMPILER_APPICON_NAME = AppIcon;
				CODE_SIGN_STYLE = Automatic;
				DEVELOPMENT_TEAM = 3ECFYJZ64T;
				INFOPLIST_FILE = "Flash Chat iOS13/Info.plist";
				LD_RUNPATH_SEARCH_PATHS = (
					"$(inherited)",
					"@executable_path/Frameworks",
				);
				PRODUCT_BUNDLE_IDENTIFIER = "co.alexk.Flash-Chat-iOS13";
				PRODUCT_NAME = "$(TARGET_NAME)";
				SWIFT_VERSION = 5.0;
				TARGETED_DEVICE_FAMILY = 1;
			};
			name = Debug;
		};
		0B628189235DEE8400E35CAF /* Release */ = {
			isa = XCBuildConfiguration;
			baseConfigurationReference = 4377F3A086EF6B712059E89C /* Pods-Flash Chat iOS13.release.xcconfig */;
			buildSettings = {
				ASSETCATALOG_COMPILER_APPICON_NAME = AppIcon;
				CODE_SIGN_STYLE = Automatic;
				DEVELOPMENT_TEAM = 3ECFYJZ64T;
				INFOPLIST_FILE = "Flash Chat iOS13/Info.plist";
				LD_RUNPATH_SEARCH_PATHS = (
					"$(inherited)",
					"@executable_path/Frameworks",
				);
				PRODUCT_BUNDLE_IDENTIFIER = "co.alexk.Flash-Chat-iOS13";
				PRODUCT_NAME = "$(TARGET_NAME)";
				SWIFT_VERSION = 5.0;
				TARGETED_DEVICE_FAMILY = 1;
			};
			name = Release;
		};
/* End XCBuildConfiguration section */

/* Begin XCConfigurationList section */
		0B62816E235DEE8100E35CAF /* Build configuration list for PBXProject "Flash Chat iOS13" */ = {
			isa = XCConfigurationList;
			buildConfigurations = (
				0B628185235DEE8400E35CAF /* Debug */,
				0B628186235DEE8400E35CAF /* Release */,
			);
			defaultConfigurationIsVisible = 0;
			defaultConfigurationName = Release;
		};
		0B628187235DEE8400E35CAF /* Build configuration list for PBXNativeTarget "Flash Chat iOS13" */ = {
			isa = XCConfigurationList;
			buildConfigurations = (
				0B628188235DEE8400E35CAF /* Debug */,
				0B628189235DEE8400E35CAF /* Release */,
			);
			defaultConfigurationIsVisible = 0;
			defaultConfigurationName = Release;
		};
/* End XCConfigurationList section */

/* Begin XCRemoteSwiftPackageReference section */
		5B8BF4E32B5A30B7009100D4 /* XCRemoteSwiftPackageReference "firebase-ios-sdk" */ = {
			isa = XCRemoteSwiftPackageReference;
			repositoryURL = "https://github.com/firebase/firebase-ios-sdk";
			requirement = {
				kind = upToNextMajorVersion;
				minimumVersion = 10.20.0;
			};
		};
		5B8BF51E2B5E1FA0009100D4 /* XCRemoteSwiftPackageReference "IQKeyboardManager" */ = {
			isa = XCRemoteSwiftPackageReference;
			repositoryURL = "https://github.com/hackiftekhar/IQKeyboardManager";
			requirement = {
				kind = upToNextMajorVersion;
				minimumVersion = 7.0.0;
			};
		};
/* End XCRemoteSwiftPackageReference section */

/* Begin XCSwiftPackageProductDependency section */
		5B8BF4E42B5A30B7009100D4 /* FirebaseAnalytics */ = {
			isa = XCSwiftPackageProductDependency;
			package = 5B8BF4E32B5A30B7009100D4 /* XCRemoteSwiftPackageReference "firebase-ios-sdk" */;
			productName = FirebaseAnalytics;
		};
		5B8BF4E62B5A30B7009100D4 /* FirebaseAnalyticsOnDeviceConversion */ = {
			isa = XCSwiftPackageProductDependency;
			package = 5B8BF4E32B5A30B7009100D4 /* XCRemoteSwiftPackageReference "firebase-ios-sdk" */;
			productName = FirebaseAnalyticsOnDeviceConversion;
		};
		5B8BF4E82B5A30B7009100D4 /* FirebaseAnalyticsSwift */ = {
			isa = XCSwiftPackageProductDependency;
			package = 5B8BF4E32B5A30B7009100D4 /* XCRemoteSwiftPackageReference "firebase-ios-sdk" */;
			productName = FirebaseAnalyticsSwift;
		};
		5B8BF4EA2B5A30B7009100D4 /* FirebaseAnalyticsWithoutAdIdSupport */ = {
			isa = XCSwiftPackageProductDependency;
			package = 5B8BF4E32B5A30B7009100D4 /* XCRemoteSwiftPackageReference "firebase-ios-sdk" */;
			productName = FirebaseAnalyticsWithoutAdIdSupport;
		};
		5B8BF4EC2B5A30B7009100D4 /* FirebaseAppCheck */ = {
			isa = XCSwiftPackageProductDependency;
			package = 5B8BF4E32B5A30B7009100D4 /* XCRemoteSwiftPackageReference "firebase-ios-sdk" */;
			productName = FirebaseAppCheck;
		};
		5B8BF4EE2B5A30B7009100D4 /* FirebaseAppDistribution-Beta */ = {
			isa = XCSwiftPackageProductDependency;
			package = 5B8BF4E32B5A30B7009100D4 /* XCRemoteSwiftPackageReference "firebase-ios-sdk" */;
			productName = "FirebaseAppDistribution-Beta";
		};
		5B8BF4F02B5A30B7009100D4 /* FirebaseAuth */ = {
			isa = XCSwiftPackageProductDependency;
			package = 5B8BF4E32B5A30B7009100D4 /* XCRemoteSwiftPackageReference "firebase-ios-sdk" */;
			productName = FirebaseAuth;
		};
		5B8BF4F22B5A30B7009100D4 /* FirebaseAuthCombine-Community */ = {
			isa = XCSwiftPackageProductDependency;
			package = 5B8BF4E32B5A30B7009100D4 /* XCRemoteSwiftPackageReference "firebase-ios-sdk" */;
			productName = "FirebaseAuthCombine-Community";
		};
		5B8BF4F42B5A30B7009100D4 /* FirebaseCrashlytics */ = {
			isa = XCSwiftPackageProductDependency;
			package = 5B8BF4E32B5A30B7009100D4 /* XCRemoteSwiftPackageReference "firebase-ios-sdk" */;
			productName = FirebaseCrashlytics;
		};
		5B8BF4F62B5A30B7009100D4 /* FirebaseDatabase */ = {
			isa = XCSwiftPackageProductDependency;
			package = 5B8BF4E32B5A30B7009100D4 /* XCRemoteSwiftPackageReference "firebase-ios-sdk" */;
			productName = FirebaseDatabase;
		};
		5B8BF4F82B5A30B7009100D4 /* FirebaseDatabaseSwift */ = {
			isa = XCSwiftPackageProductDependency;
			package = 5B8BF4E32B5A30B7009100D4 /* XCRemoteSwiftPackageReference "firebase-ios-sdk" */;
			productName = FirebaseDatabaseSwift;
		};
		5B8BF4FA2B5A30B7009100D4 /* FirebaseDynamicLinks */ = {
			isa = XCSwiftPackageProductDependency;
			package = 5B8BF4E32B5A30B7009100D4 /* XCRemoteSwiftPackageReference "firebase-ios-sdk" */;
			productName = FirebaseDynamicLinks;
		};
		5B8BF4FC2B5A30B7009100D4 /* FirebaseFirestore */ = {
			isa = XCSwiftPackageProductDependency;
			package = 5B8BF4E32B5A30B7009100D4 /* XCRemoteSwiftPackageReference "firebase-ios-sdk" */;
			productName = FirebaseFirestore;
		};
		5B8BF4FE2B5A30B7009100D4 /* FirebaseFirestoreCombine-Community */ = {
			isa = XCSwiftPackageProductDependency;
			package = 5B8BF4E32B5A30B7009100D4 /* XCRemoteSwiftPackageReference "firebase-ios-sdk" */;
			productName = "FirebaseFirestoreCombine-Community";
		};
		5B8BF5002B5A30B7009100D4 /* FirebaseFirestoreSwift */ = {
			isa = XCSwiftPackageProductDependency;
			package = 5B8BF4E32B5A30B7009100D4 /* XCRemoteSwiftPackageReference "firebase-ios-sdk" */;
			productName = FirebaseFirestoreSwift;
		};
		5B8BF5022B5A30B7009100D4 /* FirebaseFunctions */ = {
			isa = XCSwiftPackageProductDependency;
			package = 5B8BF4E32B5A30B7009100D4 /* XCRemoteSwiftPackageReference "firebase-ios-sdk" */;
			productName = FirebaseFunctions;
		};
		5B8BF5042B5A30B7009100D4 /* FirebaseFunctionsCombine-Community */ = {
			isa = XCSwiftPackageProductDependency;
			package = 5B8BF4E32B5A30B7009100D4 /* XCRemoteSwiftPackageReference "firebase-ios-sdk" */;
			productName = "FirebaseFunctionsCombine-Community";
		};
		5B8BF5062B5A30B7009100D4 /* FirebaseInAppMessaging-Beta */ = {
			isa = XCSwiftPackageProductDependency;
			package = 5B8BF4E32B5A30B7009100D4 /* XCRemoteSwiftPackageReference "firebase-ios-sdk" */;
			productName = "FirebaseInAppMessaging-Beta";
		};
		5B8BF5082B5A30B7009100D4 /* FirebaseInAppMessagingSwift-Beta */ = {
			isa = XCSwiftPackageProductDependency;
			package = 5B8BF4E32B5A30B7009100D4 /* XCRemoteSwiftPackageReference "firebase-ios-sdk" */;
			productName = "FirebaseInAppMessagingSwift-Beta";
		};
		5B8BF50A2B5A30B7009100D4 /* FirebaseInstallations */ = {
			isa = XCSwiftPackageProductDependency;
			package = 5B8BF4E32B5A30B7009100D4 /* XCRemoteSwiftPackageReference "firebase-ios-sdk" */;
			productName = FirebaseInstallations;
		};
		5B8BF50C2B5A30B7009100D4 /* FirebaseMLModelDownloader */ = {
			isa = XCSwiftPackageProductDependency;
			package = 5B8BF4E32B5A30B7009100D4 /* XCRemoteSwiftPackageReference "firebase-ios-sdk" */;
			productName = FirebaseMLModelDownloader;
		};
		5B8BF50E2B5A30B7009100D4 /* FirebaseMessaging */ = {
			isa = XCSwiftPackageProductDependency;
			package = 5B8BF4E32B5A30B7009100D4 /* XCRemoteSwiftPackageReference "firebase-ios-sdk" */;
			productName = FirebaseMessaging;
		};
		5B8BF5102B5A30B7009100D4 /* FirebasePerformance */ = {
			isa = XCSwiftPackageProductDependency;
			package = 5B8BF4E32B5A30B7009100D4 /* XCRemoteSwiftPackageReference "firebase-ios-sdk" */;
			productName = FirebasePerformance;
		};
		5B8BF5122B5A30B7009100D4 /* FirebaseRemoteConfig */ = {
			isa = XCSwiftPackageProductDependency;
			package = 5B8BF4E32B5A30B7009100D4 /* XCRemoteSwiftPackageReference "firebase-ios-sdk" */;
			productName = FirebaseRemoteConfig;
		};
		5B8BF5142B5A30B7009100D4 /* FirebaseRemoteConfigSwift */ = {
			isa = XCSwiftPackageProductDependency;
			package = 5B8BF4E32B5A30B7009100D4 /* XCRemoteSwiftPackageReference "firebase-ios-sdk" */;
			productName = FirebaseRemoteConfigSwift;
		};
		5B8BF51F2B5E1FA0009100D4 /* IQKeyboardManagerSwift */ = {
			isa = XCSwiftPackageProductDependency;
			package = 5B8BF51E2B5E1FA0009100D4 /* XCRemoteSwiftPackageReference "IQKeyboardManager" */;
			productName = IQKeyboardManagerSwift;
		};
/* End XCSwiftPackageProductDependency section */
	};
	rootObject = 0B62816B235DEE8100E35CAF /* Project object */;
}
