// !$*UTF8*$!
{
	archiveVersion = 1;
	classes = {
	};
	objectVersion = 56;
	objects = {

/* Begin PBXBuildFile section */
		5B8BF5D62B6211AE009100D4 /* Hacker_NewsApp.swift in Sources */ = {isa = PBXBuildFile; fileRef = 5B8BF5D52B6211AE009100D4 /* Hacker_NewsApp.swift */; };
		5B8BF5D82B6211AE009100D4 /* ContentView.swift in Sources */ = {isa = PBXBuildFile; fileRef = 5B8BF5D72B6211AE009100D4 /* ContentView.swift */; };
		5B8BF5DA2B6211AF009100D4 /* Assets.xcassets in Resources */ = {isa = PBXBuildFile; fileRef = 5B8BF5D92B6211AF009100D4 /* Assets.xcassets */; };
		5B8BF5DD2B6211AF009100D4 /* Preview Assets.xcassets in Resources */ = {isa = PBXBuildFile; fileRef = 5B8BF5DC2B6211AF009100D4 /* Preview Assets.xcassets */; };
		5B8BF5E72B6211AF009100D4 /* Hacker_NewsTests.swift in Sources */ = {isa = PBXBuildFile; fileRef = 5B8BF5E62B6211AF009100D4 /* Hacker_NewsTests.swift */; };
		5B8BF5F12B6211B0009100D4 /* Hacker_NewsUITests.swift in Sources */ = {isa = PBXBuildFile; fileRef = 5B8BF5F02B6211B0009100D4 /* Hacker_NewsUITests.swift */; };
		5B8BF5F32B6211B0009100D4 /* Hacker_NewsUITestsLaunchTests.swift in Sources */ = {isa = PBXBuildFile; fileRef = 5B8BF5F22B6211B0009100D4 /* Hacker_NewsUITestsLaunchTests.swift */; };
		5B8BF6012B62141C009100D4 /* NetworkManager.swift in Sources */ = {isa = PBXBuildFile; fileRef = 5B8BF6002B62141C009100D4 /* NetworkManager.swift */; };
		5B8BF6032B621505009100D4 /* PostData.swift in Sources */ = {isa = PBXBuildFile; fileRef = 5B8BF6022B621505009100D4 /* PostData.swift */; };
		5B8BF6062B621AC0009100D4 /* DetailView.swift in Sources */ = {isa = PBXBuildFile; fileRef = 5B8BF6052B621AC0009100D4 /* DetailView.swift */; };
		5B8BF6082B621D34009100D4 /* WebView.swift in Sources */ = {isa = PBXBuildFile; fileRef = 5B8BF6072B621D34009100D4 /* WebView.swift */; };
/* End PBXBuildFile section */

/* Begin PBXContainerItemProxy section */
		5B8BF5E32B6211AF009100D4 /* PBXContainerItemProxy */ = {
			isa = PBXContainerItemProxy;
			containerPortal = 5B8BF5CA2B6211AE009100D4 /* Project object */;
			proxyType = 1;
			remoteGlobalIDString = 5B8BF5D12B6211AE009100D4;
			remoteInfo = "Hacker News";
		};
		5B8BF5ED2B6211B0009100D4 /* PBXContainerItemProxy */ = {
			isa = PBXContainerItemProxy;
			containerPortal = 5B8BF5CA2B6211AE009100D4 /* Project object */;
			proxyType = 1;
			remoteGlobalIDString = 5B8BF5D12B6211AE009100D4;
			remoteInfo = "Hacker News";
		};
/* End PBXContainerItemProxy section */

/* Begin PBXFileReference section */
		5B8BF5D22B6211AE009100D4 /* Hacker News.app */ = {isa = PBXFileReference; explicitFileType = wrapper.application; includeInIndex = 0; path = "Hacker News.app"; sourceTree = BUILT_PRODUCTS_DIR; };
		5B8BF5D52B6211AE009100D4 /* Hacker_NewsApp.swift */ = {isa = PBXFileReference; lastKnownFileType = sourcecode.swift; path = Hacker_NewsApp.swift; sourceTree = "<group>"; };
		5B8BF5D72B6211AE009100D4 /* ContentView.swift */ = {isa = PBXFileReference; lastKnownFileType = sourcecode.swift; path = ContentView.swift; sourceTree = "<group>"; };
		5B8BF5D92B6211AF009100D4 /* Assets.xcassets */ = {isa = PBXFileReference; lastKnownFileType = folder.assetcatalog; path = Assets.xcassets; sourceTree = "<group>"; };
		5B8BF5DC2B6211AF009100D4 /* Preview Assets.xcassets */ = {isa = PBXFileReference; lastKnownFileType = folder.assetcatalog; path = "Preview Assets.xcassets"; sourceTree = "<group>"; };
		5B8BF5E22B6211AF009100D4 /* Hacker NewsTests.xctest */ = {isa = PBXFileReference; explicitFileType = wrapper.cfbundle; includeInIndex = 0; path = "Hacker NewsTests.xctest"; sourceTree = BUILT_PRODUCTS_DIR; };
		5B8BF5E62B6211AF009100D4 /* Hacker_NewsTests.swift */ = {isa = PBXFileReference; lastKnownFileType = sourcecode.swift; path = Hacker_NewsTests.swift; sourceTree = "<group>"; };
		5B8BF5EC2B6211B0009100D4 /* Hacker NewsUITests.xctest */ = {isa = PBXFileReference; explicitFileType = wrapper.cfbundle; includeInIndex = 0; path = "Hacker NewsUITests.xctest"; sourceTree = BUILT_PRODUCTS_DIR; };
		5B8BF5F02B6211B0009100D4 /* Hacker_NewsUITests.swift */ = {isa = PBXFileReference; lastKnownFileType = sourcecode.swift; path = Hacker_NewsUITests.swift; sourceTree = "<group>"; };
		5B8BF5F22B6211B0009100D4 /* Hacker_NewsUITestsLaunchTests.swift */ = {isa = PBXFileReference; lastKnownFileType = sourcecode.swift; path = Hacker_NewsUITestsLaunchTests.swift; sourceTree = "<group>"; };
		5B8BF6002B62141C009100D4 /* NetworkManager.swift */ = {isa = PBXFileReference; lastKnownFileType = sourcecode.swift; path = NetworkManager.swift; sourceTree = "<group>"; };
		5B8BF6022B621505009100D4 /* PostData.swift */ = {isa = PBXFileReference; lastKnownFileType = sourcecode.swift; path = PostData.swift; sourceTree = "<group>"; };
		5B8BF6052B621AC0009100D4 /* DetailView.swift */ = {isa = PBXFileReference; lastKnownFileType = sourcecode.swift; path = DetailView.swift; sourceTree = "<group>"; };
		5B8BF6072B621D34009100D4 /* WebView.swift */ = {isa = PBXFileReference; lastKnownFileType = sourcecode.swift; path = WebView.swift; sourceTree = "<group>"; };
/* End PBXFileReference section */

/* Begin PBXFrameworksBuildPhase section */
		5B8BF5CF2B6211AE009100D4 /* Frameworks */ = {
			isa = PBXFrameworksBuildPhase;
			buildActionMask = 2147483647;
			files = (
			);
			runOnlyForDeploymentPostprocessing = 0;
		};
		5B8BF5DF2B6211AF009100D4 /* Frameworks */ = {
			isa = PBXFrameworksBuildPhase;
			buildActionMask = 2147483647;
			files = (
			);
			runOnlyForDeploymentPostprocessing = 0;
		};
		5B8BF5E92B6211AF009100D4 /* Frameworks */ = {
			isa = PBXFrameworksBuildPhase;
			buildActionMask = 2147483647;
			files = (
			);
			runOnlyForDeploymentPostprocessing = 0;
		};
/* End PBXFrameworksBuildPhase section */

/* Begin PBXGroup section */
		5B8BF5C92B6211AE009100D4 = {
			isa = PBXGroup;
			children = (
				5B8BF5D42B6211AE009100D4 /* Hacker News */,
				5B8BF5E52B6211AF009100D4 /* Hacker NewsTests */,
				5B8BF5EF2B6211B0009100D4 /* Hacker NewsUITests */,
				5B8BF5D32B6211AE009100D4 /* Products */,
			);
			sourceTree = "<group>";
		};
		5B8BF5D32B6211AE009100D4 /* Products */ = {
			isa = PBXGroup;
			children = (
				5B8BF5D22B6211AE009100D4 /* Hacker News.app */,
				5B8BF5E22B6211AF009100D4 /* Hacker NewsTests.xctest */,
				5B8BF5EC2B6211B0009100D4 /* Hacker NewsUITests.xctest */,
			);
			name = Products;
			sourceTree = "<group>";
		};
		5B8BF5D42B6211AE009100D4 /* Hacker News */ = {
			isa = PBXGroup;
			children = (
				5B8BF5D52B6211AE009100D4 /* Hacker_NewsApp.swift */,
				5B8BF6042B621AA3009100D4 /* Views */,
				5B8BF5FF2B6213F1009100D4 /* Models */,
				5B8BF5D92B6211AF009100D4 /* Assets.xcassets */,
				5B8BF5DB2B6211AF009100D4 /* Preview Content */,
			);
			path = "Hacker News";
			sourceTree = "<group>";
		};
		5B8BF5DB2B6211AF009100D4 /* Preview Content */ = {
			isa = PBXGroup;
			children = (
				5B8BF5DC2B6211AF009100D4 /* Preview Assets.xcassets */,
			);
			path = "Preview Content";
			sourceTree = "<group>";
		};
		5B8BF5E52B6211AF009100D4 /* Hacker NewsTests */ = {
			isa = PBXGroup;
			children = (
				5B8BF5E62B6211AF009100D4 /* Hacker_NewsTests.swift */,
			);
			path = "Hacker NewsTests";
			sourceTree = "<group>";
		};
		5B8BF5EF2B6211B0009100D4 /* Hacker NewsUITests */ = {
			isa = PBXGroup;
			children = (
				5B8BF5F02B6211B0009100D4 /* Hacker_NewsUITests.swift */,
				5B8BF5F22B6211B0009100D4 /* Hacker_NewsUITestsLaunchTests.swift */,
			);
			path = "Hacker NewsUITests";
			sourceTree = "<group>";
		};
		5B8BF5FF2B6213F1009100D4 /* Models */ = {
			isa = PBXGroup;
			children = (
				5B8BF6002B62141C009100D4 /* NetworkManager.swift */,
				5B8BF6022B621505009100D4 /* PostData.swift */,
			);
			path = Models;
			sourceTree = "<group>";
		};
		5B8BF6042B621AA3009100D4 /* Views */ = {
			isa = PBXGroup;
			children = (
				5B8BF5D72B6211AE009100D4 /* ContentView.swift */,
				5B8BF6052B621AC0009100D4 /* DetailView.swift */,
				5B8BF6072B621D34009100D4 /* WebView.swift */,
			);
			path = Views;
			sourceTree = "<group>";
		};
/* End PBXGroup section */

/* Begin PBXNativeTarget section */
		5B8BF5D12B6211AE009100D4 /* Hacker News */ = {
			isa = PBXNativeTarget;
			buildConfigurationList = 5B8BF5F62B6211B0009100D4 /* Build configuration list for PBXNativeTarget "Hacker News" */;
			buildPhases = (
				5B8BF5CE2B6211AE009100D4 /* Sources */,
				5B8BF5CF2B6211AE009100D4 /* Frameworks */,
				5B8BF5D02B6211AE009100D4 /* Resources */,
			);
			buildRules = (
			);
			dependencies = (
			);
			name = "Hacker News";
			productName = "Hacker News";
			productReference = 5B8BF5D22B6211AE009100D4 /* Hacker News.app */;
			productType = "com.apple.product-type.application";
		};
		5B8BF5E12B6211AF009100D4 /* Hacker NewsTests */ = {
			isa = PBXNativeTarget;
			buildConfigurationList = 5B8BF5F92B6211B0009100D4 /* Build configuration list for PBXNativeTarget "Hacker NewsTests" */;
			buildPhases = (
				5B8BF5DE2B6211AF009100D4 /* Sources */,
				5B8BF5DF2B6211AF009100D4 /* Frameworks */,
				5B8BF5E02B6211AF009100D4 /* Resources */,
			);
			buildRules = (
			);
			dependencies = (
				5B8BF5E42B6211AF009100D4 /* PBXTargetDependency */,
			);
			name = "Hacker NewsTests";
			productName = "Hacker NewsTests";
			productReference = 5B8BF5E22B6211AF009100D4 /* Hacker NewsTests.xctest */;
			productType = "com.apple.product-type.bundle.unit-test";
		};
		5B8BF5EB2B6211AF009100D4 /* Hacker NewsUITests */ = {
			isa = PBXNativeTarget;
			buildConfigurationList = 5B8BF5FC2B6211B0009100D4 /* Build configuration list for PBXNativeTarget "Hacker NewsUITests" */;
			buildPhases = (
				5B8BF5E82B6211AF009100D4 /* Sources */,
				5B8BF5E92B6211AF009100D4 /* Frameworks */,
				5B8BF5EA2B6211AF009100D4 /* Resources */,
			);
			buildRules = (
			);
			dependencies = (
				5B8BF5EE2B6211B0009100D4 /* PBXTargetDependency */,
			);
			name = "Hacker NewsUITests";
			productName = "Hacker NewsUITests";
			productReference = 5B8BF5EC2B6211B0009100D4 /* Hacker NewsUITests.xctest */;
			productType = "com.apple.product-type.bundle.ui-testing";
		};
/* End PBXNativeTarget section */

/* Begin PBXProject section */
		5B8BF5CA2B6211AE009100D4 /* Project object */ = {
			isa = PBXProject;
			attributes = {
				BuildIndependentTargetsInParallel = 1;
				LastSwiftUpdateCheck = 1520;
				LastUpgradeCheck = 1520;
				TargetAttributes = {
					5B8BF5D12B6211AE009100D4 = {
						CreatedOnToolsVersion = 15.2;
					};
					5B8BF5E12B6211AF009100D4 = {
						CreatedOnToolsVersion = 15.2;
						TestTargetID = 5B8BF5D12B6211AE009100D4;
					};
					5B8BF5EB2B6211AF009100D4 = {
						CreatedOnToolsVersion = 15.2;
						TestTargetID = 5B8BF5D12B6211AE009100D4;
					};
				};
			};
			buildConfigurationList = 5B8BF5CD2B6211AE009100D4 /* Build configuration list for PBXProject "Hacker News" */;
			compatibilityVersion = "Xcode 14.0";
			developmentRegion = en;
			hasScannedForEncodings = 0;
			knownRegions = (
				en,
				Base,
			);
			mainGroup = 5B8BF5C92B6211AE009100D4;
			productRefGroup = 5B8BF5D32B6211AE009100D4 /* Products */;
			projectDirPath = "";
			projectRoot = "";
			targets = (
				5B8BF5D12B6211AE009100D4 /* Hacker News */,
				5B8BF5E12B6211AF009100D4 /* Hacker NewsTests */,
				5B8BF5EB2B6211AF009100D4 /* Hacker NewsUITests */,
			);
		};
/* End PBXProject section */

/* Begin PBXResourcesBuildPhase section */
		5B8BF5D02B6211AE009100D4 /* Resources */ = {
			isa = PBXResourcesBuildPhase;
			buildActionMask = 2147483647;
			files = (
				5B8BF5DD2B6211AF009100D4 /* Preview Assets.xcassets in Resources */,
				5B8BF5DA2B6211AF009100D4 /* Assets.xcassets in Resources */,
			);
			runOnlyForDeploymentPostprocessing = 0;
		};
		5B8BF5E02B6211AF009100D4 /* Resources */ = {
			isa = PBXResourcesBuildPhase;
			buildActionMask = 2147483647;
			files = (
			);
			runOnlyForDeploymentPostprocessing = 0;
		};
		5B8BF5EA2B6211AF009100D4 /* Resources */ = {
			isa = PBXResourcesBuildPhase;
			buildActionMask = 2147483647;
			files = (
			);
			runOnlyForDeploymentPostprocessing = 0;
		};
/* End PBXResourcesBuildPhase section */

/* Begin PBXSourcesBuildPhase section */
		5B8BF5CE2B6211AE009100D4 /* Sources */ = {
			isa = PBXSourcesBuildPhase;
			buildActionMask = 2147483647;
			files = (
				5B8BF6012B62141C009100D4 /* NetworkManager.swift in Sources */,
				5B8BF6032B621505009100D4 /* PostData.swift in Sources */,
				5B8BF5D82B6211AE009100D4 /* ContentView.swift in Sources */,
				5B8BF6082B621D34009100D4 /* WebView.swift in Sources */,
				5B8BF6062B621AC0009100D4 /* DetailView.swift in Sources */,
				5B8BF5D62B6211AE009100D4 /* Hacker_NewsApp.swift in Sources */,
			);
			runOnlyForDeploymentPostprocessing = 0;
		};
		5B8BF5DE2B6211AF009100D4 /* Sources */ = {
			isa = PBXSourcesBuildPhase;
			buildActionMask = 2147483647;
			files = (
				5B8BF5E72B6211AF009100D4 /* Hacker_NewsTests.swift in Sources */,
			);
			runOnlyForDeploymentPostprocessing = 0;
		};
		5B8BF5E82B6211AF009100D4 /* Sources */ = {
			isa = PBXSourcesBuildPhase;
			buildActionMask = 2147483647;
			files = (
				5B8BF5F12B6211B0009100D4 /* Hacker_NewsUITests.swift in Sources */,
				5B8BF5F32B6211B0009100D4 /* Hacker_NewsUITestsLaunchTests.swift in Sources */,
			);
			runOnlyForDeploymentPostprocessing = 0;
		};
/* End PBXSourcesBuildPhase section */

/* Begin PBXTargetDependency section */
		5B8BF5E42B6211AF009100D4 /* PBXTargetDependency */ = {
			isa = PBXTargetDependency;
			target = 5B8BF5D12B6211AE009100D4 /* Hacker News */;
			targetProxy = 5B8BF5E32B6211AF009100D4 /* PBXContainerItemProxy */;
		};
		5B8BF5EE2B6211B0009100D4 /* PBXTargetDependency */ = {
			isa = PBXTargetDependency;
			target = 5B8BF5D12B6211AE009100D4 /* Hacker News */;
			targetProxy = 5B8BF5ED2B6211B0009100D4 /* PBXContainerItemProxy */;
		};
/* End PBXTargetDependency section */

/* Begin XCBuildConfiguration section */
		5B8BF5F42B6211B0009100D4 /* Debug */ = {
			isa = XCBuildConfiguration;
			buildSettings = {
				ALWAYS_SEARCH_USER_PATHS = NO;
				ASSETCATALOG_COMPILER_GENERATE_SWIFT_ASSET_SYMBOL_EXTENSIONS = YES;
				CLANG_ANALYZER_NONNULL = YES;
				CLANG_ANALYZER_NUMBER_OBJECT_CONVERSION = YES_AGGRESSIVE;
				CLANG_CXX_LANGUAGE_STANDARD = "gnu++20";
				CLANG_ENABLE_MODULES = YES;
				CLANG_ENABLE_OBJC_ARC = YES;
				CLANG_ENABLE_OBJC_WEAK = YES;
				CLANG_WARN_BLOCK_CAPTURE_AUTORELEASING = YES;
				CLANG_WARN_BOOL_CONVERSION = YES;
				CLANG_WARN_COMMA = YES;
				CLANG_WARN_CONSTANT_CONVERSION = YES;
				CLANG_WARN_DEPRECATED_OBJC_IMPLEMENTATIONS = YES;
				CLANG_WARN_DIRECT_OBJC_ISA_USAGE = YES_ERROR;
				CLANG_WARN_DOCUMENTATION_COMMENTS = YES;
				CLANG_WARN_EMPTY_BODY = YES;
				CLANG_WARN_ENUM_CONVERSION = YES;
				CLANG_WARN_INFINITE_RECURSION = YES;
				CLANG_WARN_INT_CONVERSION = YES;
				CLANG_WARN_NON_LITERAL_NULL_CONVERSION = YES;
				CLANG_WARN_OBJC_IMPLICIT_RETAIN_SELF = YES;
				CLANG_WARN_OBJC_LITERAL_CONVERSION = YES;
				CLANG_WARN_OBJC_ROOT_CLASS = YES_ERROR;
				CLANG_WARN_QUOTED_INCLUDE_IN_FRAMEWORK_HEADER = YES;
				CLANG_WARN_RANGE_LOOP_ANALYSIS = YES;
				CLANG_WARN_STRICT_PROTOTYPES = YES;
				CLANG_WARN_SUSPICIOUS_MOVE = YES;
				CLANG_WARN_UNGUARDED_AVAILABILITY = YES_AGGRESSIVE;
				CLANG_WARN_UNREACHABLE_CODE = YES;
				CLANG_WARN__DUPLICATE_METHOD_MATCH = YES;
				COPY_PHASE_STRIP = NO;
				DEBUG_INFORMATION_FORMAT = dwarf;
				ENABLE_STRICT_OBJC_MSGSEND = YES;
				ENABLE_TESTABILITY = YES;
				ENABLE_USER_SCRIPT_SANDBOXING = YES;
				GCC_C_LANGUAGE_STANDARD = gnu17;
				GCC_DYNAMIC_NO_PIC = NO;
				GCC_NO_COMMON_BLOCKS = YES;
				GCC_OPTIMIZATION_LEVEL = 0;
				GCC_PREPROCESSOR_DEFINITIONS = (
					"DEBUG=1",
					"$(inherited)",
				);
				GCC_WARN_64_TO_32_BIT_CONVERSION = YES;
				GCC_WARN_ABOUT_RETURN_TYPE = YES_ERROR;
				GCC_WARN_UNDECLARED_SELECTOR = YES;
				GCC_WARN_UNINITIALIZED_AUTOS = YES_AGGRESSIVE;
				GCC_WARN_UNUSED_FUNCTION = YES;
				GCC_WARN_UNUSED_VARIABLE = YES;
				IPHONEOS_DEPLOYMENT_TARGET = 17.2;
				LOCALIZATION_PREFERS_STRING_CATALOGS = YES;
				MTL_ENABLE_DEBUG_INFO = INCLUDE_SOURCE;
				MTL_FAST_MATH = YES;
				ONLY_ACTIVE_ARCH = YES;
				SDKROOT = iphoneos;
				SWIFT_ACTIVE_COMPILATION_CONDITIONS = "DEBUG $(inherited)";
				SWIFT_OPTIMIZATION_LEVEL = "-Onone";
			};
			name = Debug;
		};
		5B8BF5F52B6211B0009100D4 /* Release */ = {
			isa = XCBuildConfiguration;
			buildSettings = {
				ALWAYS_SEARCH_USER_PATHS = NO;
				ASSETCATALOG_COMPILER_GENERATE_SWIFT_ASSET_SYMBOL_EXTENSIONS = YES;
				CLANG_ANALYZER_NONNULL = YES;
				CLANG_ANALYZER_NUMBER_OBJECT_CONVERSION = YES_AGGRESSIVE;
				CLANG_CXX_LANGUAGE_STANDARD = "gnu++20";
				CLANG_ENABLE_MODULES = YES;
				CLANG_ENABLE_OBJC_ARC = YES;
				CLANG_ENABLE_OBJC_WEAK = YES;
				CLANG_WARN_BLOCK_CAPTURE_AUTORELEASING = YES;
				CLANG_WARN_BOOL_CONVERSION = YES;
				CLANG_WARN_COMMA = YES;
				CLANG_WARN_CONSTANT_CONVERSION = YES;
				CLANG_WARN_DEPRECATED_OBJC_IMPLEMENTATIONS = YES;
				CLANG_WARN_DIRECT_OBJC_ISA_USAGE = YES_ERROR;
				CLANG_WARN_DOCUMENTATION_COMMENTS = YES;
				CLANG_WARN_EMPTY_BODY = YES;
				CLANG_WARN_ENUM_CONVERSION = YES;
				CLANG_WARN_INFINITE_RECURSION = YES;
				CLANG_WARN_INT_CONVERSION = YES;
				CLANG_WARN_NON_LITERAL_NULL_CONVERSION = YES;
				CLANG_WARN_OBJC_IMPLICIT_RETAIN_SELF = YES;
				CLANG_WARN_OBJC_LITERAL_CONVERSION = YES;
				CLANG_WARN_OBJC_ROOT_CLASS = YES_ERROR;
				CLANG_WARN_QUOTED_INCLUDE_IN_FRAMEWORK_HEADER = YES;
				CLANG_WARN_RANGE_LOOP_ANALYSIS = YES;
				CLANG_WARN_STRICT_PROTOTYPES = YES;
				CLANG_WARN_SUSPICIOUS_MOVE = YES;
				CLANG_WARN_UNGUARDED_AVAILABILITY = YES_AGGRESSIVE;
				CLANG_WARN_UNREACHABLE_CODE = YES;
				CLANG_WARN__DUPLICATE_METHOD_MATCH = YES;
				COPY_PHASE_STRIP = NO;
				DEBUG_INFORMATION_FORMAT = "dwarf-with-dsym";
				ENABLE_NS_ASSERTIONS = NO;
				ENABLE_STRICT_OBJC_MSGSEND = YES;
				ENABLE_USER_SCRIPT_SANDBOXING = YES;
				GCC_C_LANGUAGE_STANDARD = gnu17;
				GCC_NO_COMMON_BLOCKS = YES;
				GCC_WARN_64_TO_32_BIT_CONVERSION = YES;
				GCC_WARN_ABOUT_RETURN_TYPE = YES_ERROR;
				GCC_WARN_UNDECLARED_SELECTOR = YES;
				GCC_WARN_UNINITIALIZED_AUTOS = YES_AGGRESSIVE;
				GCC_WARN_UNUSED_FUNCTION = YES;
				GCC_WARN_UNUSED_VARIABLE = YES;
				IPHONEOS_DEPLOYMENT_TARGET = 17.2;
				LOCALIZATION_PREFERS_STRING_CATALOGS = YES;
				MTL_ENABLE_DEBUG_INFO = NO;
				MTL_FAST_MATH = YES;
				SDKROOT = iphoneos;
				SWIFT_COMPILATION_MODE = wholemodule;
				VALIDATE_PRODUCT = YES;
			};
			name = Release;
		};
		5B8BF5F72B6211B0009100D4 /* Debug */ = {
			isa = XCBuildConfiguration;
			buildSettings = {
				ASSETCATALOG_COMPILER_APPICON_NAME = AppIcon;
				ASSETCATALOG_COMPILER_GLOBAL_ACCENT_COLOR_NAME = AccentColor;
				CODE_SIGN_STYLE = Automatic;
				CURRENT_PROJECT_VERSION = 1;
				DEVELOPMENT_ASSET_PATHS = "\"Hacker News/Preview Content\"";
				ENABLE_PREVIEWS = YES;
				GENERATE_INFOPLIST_FILE = YES;
				INFOPLIST_KEY_UIApplicationSceneManifest_Generation = YES;
				INFOPLIST_KEY_UIApplicationSupportsIndirectInputEvents = YES;
				INFOPLIST_KEY_UILaunchScreen_Generation = YES;
				INFOPLIST_KEY_UISupportedInterfaceOrientations_iPad = "UIInterfaceOrientationPortrait UIInterfaceOrientationPortraitUpsideDown UIInterfaceOrientationLandscapeLeft UIInterfaceOrientationLandscapeRight";
				INFOPLIST_KEY_UISupportedInterfaceOrientations_iPhone = "UIInterfaceOrientationPortrait UIInterfaceOrientationLandscapeLeft UIInterfaceOrientationLandscapeRight";
				LD_RUNPATH_SEARCH_PATHS = (
					"$(inherited)",
					"@executable_path/Frameworks",
				);
				MARKETING_VERSION = 1.0;
				PRODUCT_BUNDLE_IDENTIFIER = "com.alex.Hacker-News";
				PRODUCT_NAME = "$(TARGET_NAME)";
				SWIFT_EMIT_LOC_STRINGS = YES;
				SWIFT_VERSION = 5.0;
				TARGETED_DEVICE_FAMILY = "1,2";
			};
			name = Debug;
		};
		5B8BF5F82B6211B0009100D4 /* Release */ = {
			isa = XCBuildConfiguration;
			buildSettings = {
				ASSETCATALOG_COMPILER_APPICON_NAME = AppIcon;
				ASSETCATALOG_COMPILER_GLOBAL_ACCENT_COLOR_NAME = AccentColor;
				CODE_SIGN_STYLE = Automatic;
				CURRENT_PROJECT_VERSION = 1;
				DEVELOPMENT_ASSET_PATHS = "\"Hacker News/Preview Content\"";
				ENABLE_PREVIEWS = YES;
				GENERATE_INFOPLIST_FILE = YES;
				INFOPLIST_KEY_UIApplicationSceneManifest_Generation = YES;
				INFOPLIST_KEY_UIApplicationSupportsIndirectInputEvents = YES;
				INFOPLIST_KEY_UILaunchScreen_Generation = YES;
				INFOPLIST_KEY_UISupportedInterfaceOrientations_iPad = "UIInterfaceOrientationPortrait UIInterfaceOrientationPortraitUpsideDown UIInterfaceOrientationLandscapeLeft UIInterfaceOrientationLandscapeRight";
				INFOPLIST_KEY_UISupportedInterfaceOrientations_iPhone = "UIInterfaceOrientationPortrait UIInterfaceOrientationLandscapeLeft UIInterfaceOrientationLandscapeRight";
				LD_RUNPATH_SEARCH_PATHS = (
					"$(inherited)",
					"@executable_path/Frameworks",
				);
				MARKETING_VERSION = 1.0;
				PRODUCT_BUNDLE_IDENTIFIER = "com.alex.Hacker-News";
				PRODUCT_NAME = "$(TARGET_NAME)";
				SWIFT_EMIT_LOC_STRINGS = YES;
				SWIFT_VERSION = 5.0;
				TARGETED_DEVICE_FAMILY = "1,2";
			};
			name = Release;
		};
		5B8BF5FA2B6211B0009100D4 /* Debug */ = {
			isa = XCBuildConfiguration;
			buildSettings = {
				ALWAYS_EMBED_SWIFT_STANDARD_LIBRARIES = YES;
				BUNDLE_LOADER = "$(TEST_HOST)";
				CODE_SIGN_STYLE = Automatic;
				CURRENT_PROJECT_VERSION = 1;
				GENERATE_INFOPLIST_FILE = YES;
				IPHONEOS_DEPLOYMENT_TARGET = 17.2;
				MARKETING_VERSION = 1.0;
				PRODUCT_BUNDLE_IDENTIFIER = "com.alex.Hacker-NewsTests";
				PRODUCT_NAME = "$(TARGET_NAME)";
				SWIFT_EMIT_LOC_STRINGS = NO;
				SWIFT_VERSION = 5.0;
				TARGETED_DEVICE_FAMILY = "1,2";
				TEST_HOST = "$(BUILT_PRODUCTS_DIR)/Hacker News.app/$(BUNDLE_EXECUTABLE_FOLDER_PATH)/Hacker News";
			};
			name = Debug;
		};
		5B8BF5FB2B6211B0009100D4 /* Release */ = {
			isa = XCBuildConfiguration;
			buildSettings = {
				ALWAYS_EMBED_SWIFT_STANDARD_LIBRARIES = YES;
				BUNDLE_LOADER = "$(TEST_HOST)";
				CODE_SIGN_STYLE = Automatic;
				CURRENT_PROJECT_VERSION = 1;
				GENERATE_INFOPLIST_FILE = YES;
				IPHONEOS_DEPLOYMENT_TARGET = 17.2;
				MARKETING_VERSION = 1.0;
				PRODUCT_BUNDLE_IDENTIFIER = "com.alex.Hacker-NewsTests";
				PRODUCT_NAME = "$(TARGET_NAME)";
				SWIFT_EMIT_LOC_STRINGS = NO;
				SWIFT_VERSION = 5.0;
				TARGETED_DEVICE_FAMILY = "1,2";
				TEST_HOST = "$(BUILT_PRODUCTS_DIR)/Hacker News.app/$(BUNDLE_EXECUTABLE_FOLDER_PATH)/Hacker News";
			};
			name = Release;
		};
		5B8BF5FD2B6211B0009100D4 /* Debug */ = {
			isa = XCBuildConfiguration;
			buildSettings = {
				ALWAYS_EMBED_SWIFT_STANDARD_LIBRARIES = YES;
				CODE_SIGN_STYLE = Automatic;
				CURRENT_PROJECT_VERSION = 1;
				GENERATE_INFOPLIST_FILE = YES;
				MARKETING_VERSION = 1.0;
				PRODUCT_BUNDLE_IDENTIFIER = "com.alex.Hacker-NewsUITests";
				PRODUCT_NAME = "$(TARGET_NAME)";
				SWIFT_EMIT_LOC_STRINGS = NO;
				SWIFT_VERSION = 5.0;
				TARGETED_DEVICE_FAMILY = "1,2";
				TEST_TARGET_NAME = "Hacker News";
			};
			name = Debug;
		};
		5B8BF5FE2B6211B0009100D4 /* Release */ = {
			isa = XCBuildConfiguration;
			buildSettings = {
				ALWAYS_EMBED_SWIFT_STANDARD_LIBRARIES = YES;
				CODE_SIGN_STYLE = Automatic;
				CURRENT_PROJECT_VERSION = 1;
				GENERATE_INFOPLIST_FILE = YES;
				MARKETING_VERSION = 1.0;
				PRODUCT_BUNDLE_IDENTIFIER = "com.alex.Hacker-NewsUITests";
				PRODUCT_NAME = "$(TARGET_NAME)";
				SWIFT_EMIT_LOC_STRINGS = NO;
				SWIFT_VERSION = 5.0;
				TARGETED_DEVICE_FAMILY = "1,2";
				TEST_TARGET_NAME = "Hacker News";
			};
			name = Release;
		};
/* End XCBuildConfiguration section */

/* Begin XCConfigurationList section */
		5B8BF5CD2B6211AE009100D4 /* Build configuration list for PBXProject "Hacker News" */ = {
			isa = XCConfigurationList;
			buildConfigurations = (
				5B8BF5F42B6211B0009100D4 /* Debug */,
				5B8BF5F52B6211B0009100D4 /* Release */,
			);
			defaultConfigurationIsVisible = 0;
			defaultConfigurationName = Release;
		};
		5B8BF5F62B6211B0009100D4 /* Build configuration list for PBXNativeTarget "Hacker News" */ = {
			isa = XCConfigurationList;
			buildConfigurations = (
				5B8BF5F72B6211B0009100D4 /* Debug */,
				5B8BF5F82B6211B0009100D4 /* Release */,
			);
			defaultConfigurationIsVisible = 0;
			defaultConfigurationName = Release;
		};
		5B8BF5F92B6211B0009100D4 /* Build configuration list for PBXNativeTarget "Hacker NewsTests" */ = {
			isa = XCConfigurationList;
			buildConfigurations = (
				5B8BF5FA2B6211B0009100D4 /* Debug */,
				5B8BF5FB2B6211B0009100D4 /* Release */,
			);
			defaultConfigurationIsVisible = 0;
			defaultConfigurationName = Release;
		};
		5B8BF5FC2B6211B0009100D4 /* Build configuration list for PBXNativeTarget "Hacker NewsUITests" */ = {
			isa = XCConfigurationList;
			buildConfigurations = (
				5B8BF5FD2B6211B0009100D4 /* Debug */,
				5B8BF5FE2B6211B0009100D4 /* Release */,
			);
			defaultConfigurationIsVisible = 0;
			defaultConfigurationName = Release;
		};
/* End XCConfigurationList section */
	};
	rootObject = 5B8BF5CA2B6211AE009100D4 /* Project object */;
}
