// !$*UTF8*$!
{
	archiveVersion = 1;
	classes = {
	};
	objectVersion = 56;
	objects = {

/* Begin PBXBuildFile section */
		5BF29FE32B3E87E400F32260 /* AppDelegate.swift in Sources */ = {isa = PBXBuildFile; fileRef = 5BF29FE22B3E87E400F32260 /* AppDelegate.swift */; };
		5BF29FE52B3E87E400F32260 /* SceneDelegate.swift in Sources */ = {isa = PBXBuildFile; fileRef = 5BF29FE42B3E87E400F32260 /* SceneDelegate.swift */; };
		5BF29FE72B3E87E400F32260 /* ViewController.swift in Sources */ = {isa = PBXBuildFile; fileRef = 5BF29FE62B3E87E400F32260 /* ViewController.swift */; };
		5BF29FEA2B3E87E400F32260 /* Main.storyboard in Resources */ = {isa = PBXBuildFile; fileRef = 5BF29FE82B3E87E400F32260 /* Main.storyboard */; };
		5BF29FEC2B3E87E600F32260 /* Assets.xcassets in Resources */ = {isa = PBXBuildFile; fileRef = 5BF29FEB2B3E87E600F32260 /* Assets.xcassets */; };
		5BF29FEF2B3E87E600F32260 /* LaunchScreen.storyboard in Resources */ = {isa = PBXBuildFile; fileRef = 5BF29FED2B3E87E600F32260 /* LaunchScreen.storyboard */; };
		5BF29FFA2B3E87E600F32260 /* I_am_RichTests.swift in Sources */ = {isa = PBXBuildFile; fileRef = 5BF29FF92B3E87E600F32260 /* I_am_RichTests.swift */; };
		5BF2A0042B3E87E600F32260 /* I_am_RichUITests.swift in Sources */ = {isa = PBXBuildFile; fileRef = 5BF2A0032B3E87E600F32260 /* I_am_RichUITests.swift */; };
		5BF2A0062B3E87E600F32260 /* I_am_RichUITestsLaunchTests.swift in Sources */ = {isa = PBXBuildFile; fileRef = 5BF2A0052B3E87E600F32260 /* I_am_RichUITestsLaunchTests.swift */; };
/* End PBXBuildFile section */

/* Begin PBXContainerItemProxy section */
		5BF29FF62B3E87E600F32260 /* PBXContainerItemProxy */ = {
			isa = PBXContainerItemProxy;
			containerPortal = 5BF29FD72B3E87E400F32260 /* Project object */;
			proxyType = 1;
			remoteGlobalIDString = 5BF29FDE2B3E87E400F32260;
			remoteInfo = "I am Rich";
		};
		5BF2A0002B3E87E600F32260 /* PBXContainerItemProxy */ = {
			isa = PBXContainerItemProxy;
			containerPortal = 5BF29FD72B3E87E400F32260 /* Project object */;
			proxyType = 1;
			remoteGlobalIDString = 5BF29FDE2B3E87E400F32260;
			remoteInfo = "I am Rich";
		};
/* End PBXContainerItemProxy section */

/* Begin PBXFileReference section */
		5BF29FDF2B3E87E400F32260 /* I am Rich.app */ = {isa = PBXFileReference; explicitFileType = wrapper.application; includeInIndex = 0; path = "I am Rich.app"; sourceTree = BUILT_PRODUCTS_DIR; };
		5BF29FE22B3E87E400F32260 /* AppDelegate.swift */ = {isa = PBXFileReference; lastKnownFileType = sourcecode.swift; path = AppDelegate.swift; sourceTree = "<group>"; };
		5BF29FE42B3E87E400F32260 /* SceneDelegate.swift */ = {isa = PBXFileReference; lastKnownFileType = sourcecode.swift; path = SceneDelegate.swift; sourceTree = "<group>"; };
		5BF29FE62B3E87E400F32260 /* ViewController.swift */ = {isa = PBXFileReference; lastKnownFileType = sourcecode.swift; path = ViewController.swift; sourceTree = "<group>"; };
		5BF29FE92B3E87E400F32260 /* Base */ = {isa = PBXFileReference; lastKnownFileType = file.storyboard; name = Base; path = Base.lproj/Main.storyboard; sourceTree = "<group>"; };
		5BF29FEB2B3E87E600F32260 /* Assets.xcassets */ = {isa = PBXFileReference; lastKnownFileType = folder.assetcatalog; path = Assets.xcassets; sourceTree = "<group>"; };
		5BF29FEE2B3E87E600F32260 /* Base */ = {isa = PBXFileReference; lastKnownFileType = file.storyboard; name = Base; path = Base.lproj/LaunchScreen.storyboard; sourceTree = "<group>"; };
		5BF29FF02B3E87E600F32260 /* Info.plist */ = {isa = PBXFileReference; lastKnownFileType = text.plist.xml; path = Info.plist; sourceTree = "<group>"; };
		5BF29FF52B3E87E600F32260 /* I am RichTests.xctest */ = {isa = PBXFileReference; explicitFileType = wrapper.cfbundle; includeInIndex = 0; path = "I am RichTests.xctest"; sourceTree = BUILT_PRODUCTS_DIR; };
		5BF29FF92B3E87E600F32260 /* I_am_RichTests.swift */ = {isa = PBXFileReference; lastKnownFileType = sourcecode.swift; path = I_am_RichTests.swift; sourceTree = "<group>"; };
		5BF29FFF2B3E87E600F32260 /* I am RichUITests.xctest */ = {isa = PBXFileReference; explicitFileType = wrapper.cfbundle; includeInIndex = 0; path = "I am RichUITests.xctest"; sourceTree = BUILT_PRODUCTS_DIR; };
		5BF2A0032B3E87E600F32260 /* I_am_RichUITests.swift */ = {isa = PBXFileReference; lastKnownFileType = sourcecode.swift; path = I_am_RichUITests.swift; sourceTree = "<group>"; };
		5BF2A0052B3E87E600F32260 /* I_am_RichUITestsLaunchTests.swift */ = {isa = PBXFileReference; lastKnownFileType = sourcecode.swift; path = I_am_RichUITestsLaunchTests.swift; sourceTree = "<group>"; };
/* End PBXFileReference section */

/* Begin PBXFrameworksBuildPhase section */
		5BF29FDC2B3E87E400F32260 /* Frameworks */ = {
			isa = PBXFrameworksBuildPhase;
			buildActionMask = 2147483647;
			files = (
			);
			runOnlyForDeploymentPostprocessing = 0;
		};
		5BF29FF22B3E87E600F32260 /* Frameworks */ = {
			isa = PBXFrameworksBuildPhase;
			buildActionMask = 2147483647;
			files = (
			);
			runOnlyForDeploymentPostprocessing = 0;
		};
		5BF29FFC2B3E87E600F32260 /* Frameworks */ = {
			isa = PBXFrameworksBuildPhase;
			buildActionMask = 2147483647;
			files = (
			);
			runOnlyForDeploymentPostprocessing = 0;
		};
/* End PBXFrameworksBuildPhase section */

/* Begin PBXGroup section */
		5BF29FD62B3E87E400F32260 = {
			isa = PBXGroup;
			children = (
				5BF29FE12B3E87E400F32260 /* I am Rich */,
				5BF29FF82B3E87E600F32260 /* I am RichTests */,
				5BF2A0022B3E87E600F32260 /* I am RichUITests */,
				5BF29FE02B3E87E400F32260 /* Products */,
			);
			sourceTree = "<group>";
		};
		5BF29FE02B3E87E400F32260 /* Products */ = {
			isa = PBXGroup;
			children = (
				5BF29FDF2B3E87E400F32260 /* I am Rich.app */,
				5BF29FF52B3E87E600F32260 /* I am RichTests.xctest */,
				5BF29FFF2B3E87E600F32260 /* I am RichUITests.xctest */,
			);
			name = Products;
			sourceTree = "<group>";
		};
		5BF29FE12B3E87E400F32260 /* I am Rich */ = {
			isa = PBXGroup;
			children = (
				5BF29FE22B3E87E400F32260 /* AppDelegate.swift */,
				5BF29FE42B3E87E400F32260 /* SceneDelegate.swift */,
				5BF29FE62B3E87E400F32260 /* ViewController.swift */,
				5BF29FE82B3E87E400F32260 /* Main.storyboard */,
				5BF29FEB2B3E87E600F32260 /* Assets.xcassets */,
				5BF29FED2B3E87E600F32260 /* LaunchScreen.storyboard */,
				5BF29FF02B3E87E600F32260 /* Info.plist */,
			);
			path = "I am Rich";
			sourceTree = "<group>";
		};
		5BF29FF82B3E87E600F32260 /* I am RichTests */ = {
			isa = PBXGroup;
			children = (
				5BF29FF92B3E87E600F32260 /* I_am_RichTests.swift */,
			);
			path = "I am RichTests";
			sourceTree = "<group>";
		};
		5BF2A0022B3E87E600F32260 /* I am RichUITests */ = {
			isa = PBXGroup;
			children = (
				5BF2A0032B3E87E600F32260 /* I_am_RichUITests.swift */,
				5BF2A0052B3E87E600F32260 /* I_am_RichUITestsLaunchTests.swift */,
			);
			path = "I am RichUITests";
			sourceTree = "<group>";
		};
/* End PBXGroup section */

/* Begin PBXNativeTarget section */
		5BF29FDE2B3E87E400F32260 /* I am Rich */ = {
			isa = PBXNativeTarget;
			buildConfigurationList = 5BF2A0092B3E87E600F32260 /* Build configuration list for PBXNativeTarget "I am Rich" */;
			buildPhases = (
				5BF29FDB2B3E87E400F32260 /* Sources */,
				5BF29FDC2B3E87E400F32260 /* Frameworks */,
				5BF29FDD2B3E87E400F32260 /* Resources */,
			);
			buildRules = (
			);
			dependencies = (
			);
			name = "I am Rich";
			productName = "I am Rich";
			productReference = 5BF29FDF2B3E87E400F32260 /* I am Rich.app */;
			productType = "com.apple.product-type.application";
		};
		5BF29FF42B3E87E600F32260 /* I am RichTests */ = {
			isa = PBXNativeTarget;
			buildConfigurationList = 5BF2A00C2B3E87E600F32260 /* Build configuration list for PBXNativeTarget "I am RichTests" */;
			buildPhases = (
				5BF29FF12B3E87E600F32260 /* Sources */,
				5BF29FF22B3E87E600F32260 /* Frameworks */,
				5BF29FF32B3E87E600F32260 /* Resources */,
			);
			buildRules = (
			);
			dependencies = (
				5BF29FF72B3E87E600F32260 /* PBXTargetDependency */,
			);
			name = "I am RichTests";
			productName = "I am RichTests";
			productReference = 5BF29FF52B3E87E600F32260 /* I am RichTests.xctest */;
			productType = "com.apple.product-type.bundle.unit-test";
		};
		5BF29FFE2B3E87E600F32260 /* I am RichUITests */ = {
			isa = PBXNativeTarget;
			buildConfigurationList = 5BF2A00F2B3E87E600F32260 /* Build configuration list for PBXNativeTarget "I am RichUITests" */;
			buildPhases = (
				5BF29FFB2B3E87E600F32260 /* Sources */,
				5BF29FFC2B3E87E600F32260 /* Frameworks */,
				5BF29FFD2B3E87E600F32260 /* Resources */,
			);
			buildRules = (
			);
			dependencies = (
				5BF2A0012B3E87E600F32260 /* PBXTargetDependency */,
			);
			name = "I am RichUITests";
			productName = "I am RichUITests";
			productReference = 5BF29FFF2B3E87E600F32260 /* I am RichUITests.xctest */;
			productType = "com.apple.product-type.bundle.ui-testing";
		};
/* End PBXNativeTarget section */

/* Begin PBXProject section */
		5BF29FD72B3E87E400F32260 /* Project object */ = {
			isa = PBXProject;
			attributes = {
				BuildIndependentTargetsInParallel = 1;
				LastSwiftUpdateCheck = 1510;
				LastUpgradeCheck = 1510;
				TargetAttributes = {
					5BF29FDE2B3E87E400F32260 = {
						CreatedOnToolsVersion = 15.1;
					};
					5BF29FF42B3E87E600F32260 = {
						CreatedOnToolsVersion = 15.1;
						TestTargetID = 5BF29FDE2B3E87E400F32260;
					};
					5BF29FFE2B3E87E600F32260 = {
						CreatedOnToolsVersion = 15.1;
						TestTargetID = 5BF29FDE2B3E87E400F32260;
					};
				};
			};
			buildConfigurationList = 5BF29FDA2B3E87E400F32260 /* Build configuration list for PBXProject "I am Rich" */;
			compatibilityVersion = "Xcode 14.0";
			developmentRegion = en;
			hasScannedForEncodings = 0;
			knownRegions = (
				en,
				Base,
			);
			mainGroup = 5BF29FD62B3E87E400F32260;
			productRefGroup = 5BF29FE02B3E87E400F32260 /* Products */;
			projectDirPath = "";
			projectRoot = "";
			targets = (
				5BF29FDE2B3E87E400F32260 /* I am Rich */,
				5BF29FF42B3E87E600F32260 /* I am RichTests */,
				5BF29FFE2B3E87E600F32260 /* I am RichUITests */,
			);
		};
/* End PBXProject section */

/* Begin PBXResourcesBuildPhase section */
		5BF29FDD2B3E87E400F32260 /* Resources */ = {
			isa = PBXResourcesBuildPhase;
			buildActionMask = 2147483647;
			files = (
				5BF29FEF2B3E87E600F32260 /* LaunchScreen.storyboard in Resources */,
				5BF29FEC2B3E87E600F32260 /* Assets.xcassets in Resources */,
				5BF29FEA2B3E87E400F32260 /* Main.storyboard in Resources */,
			);
			runOnlyForDeploymentPostprocessing = 0;
		};
		5BF29FF32B3E87E600F32260 /* Resources */ = {
			isa = PBXResourcesBuildPhase;
			buildActionMask = 2147483647;
			files = (
			);
			runOnlyForDeploymentPostprocessing = 0;
		};
		5BF29FFD2B3E87E600F32260 /* Resources */ = {
			isa = PBXResourcesBuildPhase;
			buildActionMask = 2147483647;
			files = (
			);
			runOnlyForDeploymentPostprocessing = 0;
		};
/* End PBXResourcesBuildPhase section */

/* Begin PBXSourcesBuildPhase section */
		5BF29FDB2B3E87E400F32260 /* Sources */ = {
			isa = PBXSourcesBuildPhase;
			buildActionMask = 2147483647;
			files = (
				5BF29FE72B3E87E400F32260 /* ViewController.swift in Sources */,
				5BF29FE32B3E87E400F32260 /* AppDelegate.swift in Sources */,
				5BF29FE52B3E87E400F32260 /* SceneDelegate.swift in Sources */,
			);
			runOnlyForDeploymentPostprocessing = 0;
		};
		5BF29FF12B3E87E600F32260 /* Sources */ = {
			isa = PBXSourcesBuildPhase;
			buildActionMask = 2147483647;
			files = (
				5BF29FFA2B3E87E600F32260 /* I_am_RichTests.swift in Sources */,
			);
			runOnlyForDeploymentPostprocessing = 0;
		};
		5BF29FFB2B3E87E600F32260 /* Sources */ = {
			isa = PBXSourcesBuildPhase;
			buildActionMask = 2147483647;
			files = (
				5BF2A0062B3E87E600F32260 /* I_am_RichUITestsLaunchTests.swift in Sources */,
				5BF2A0042B3E87E600F32260 /* I_am_RichUITests.swift in Sources */,
			);
			runOnlyForDeploymentPostprocessing = 0;
		};
/* End PBXSourcesBuildPhase section */

/* Begin PBXTargetDependency section */
		5BF29FF72B3E87E600F32260 /* PBXTargetDependency */ = {
			isa = PBXTargetDependency;
			target = 5BF29FDE2B3E87E400F32260 /* I am Rich */;
			targetProxy = 5BF29FF62B3E87E600F32260 /* PBXContainerItemProxy */;
		};
		5BF2A0012B3E87E600F32260 /* PBXTargetDependency */ = {
			isa = PBXTargetDependency;
			target = 5BF29FDE2B3E87E400F32260 /* I am Rich */;
			targetProxy = 5BF2A0002B3E87E600F32260 /* PBXContainerItemProxy */;
		};
/* End PBXTargetDependency section */

/* Begin PBXVariantGroup section */
		5BF29FE82B3E87E400F32260 /* Main.storyboard */ = {
			isa = PBXVariantGroup;
			children = (
				5BF29FE92B3E87E400F32260 /* Base */,
			);
			name = Main.storyboard;
			sourceTree = "<group>";
		};
		5BF29FED2B3E87E600F32260 /* LaunchScreen.storyboard */ = {
			isa = PBXVariantGroup;
			children = (
				5BF29FEE2B3E87E600F32260 /* Base */,
			);
			name = LaunchScreen.storyboard;
			sourceTree = "<group>";
		};
/* End PBXVariantGroup section */

/* Begin XCBuildConfiguration section */
		5BF2A0072B3E87E600F32260 /* Debug */ = {
			isa = XCBuildConfiguration;
			buildSettings = {
				ALWAYS_SEARCH_USER_PATHS = NO;
				ASSETCATALOG_COMPILER_GENERATE_SWIFT_ASSET_SYMBOL_EXTENSIONS = YES;
				CLANG_ANALYZER_NONNULL = YES;
				CLANG_ANALYZER_NUMBER_OBJECT_CONVERSION = YES_AGGRESSIVE;
				CLANG_CXX_LANGUAGE_STANDARD = "gnu++20";
				CLANG_ENABLE_MODULES = YES;
				CLANG_ENABLE_OBJC_ARC = YES;
				CLANG_ENABLE_OBJC_WEAK = YES;
				CLANG_WARN_BLOCK_CAPTURE_AUTORELEASING = YES;
				CLANG_WARN_BOOL_CONVERSION = YES;
				CLANG_WARN_COMMA = YES;
				CLANG_WARN_CONSTANT_CONVERSION = YES;
				CLANG_WARN_DEPRECATED_OBJC_IMPLEMENTATIONS = YES;
				CLANG_WARN_DIRECT_OBJC_ISA_USAGE = YES_ERROR;
				CLANG_WARN_DOCUMENTATION_COMMENTS = YES;
				CLANG_WARN_EMPTY_BODY = YES;
				CLANG_WARN_ENUM_CONVERSION = YES;
				CLANG_WARN_INFINITE_RECURSION = YES;
				CLANG_WARN_INT_CONVERSION = YES;
				CLANG_WARN_NON_LITERAL_NULL_CONVERSION = YES;
				CLANG_WARN_OBJC_IMPLICIT_RETAIN_SELF = YES;
				CLANG_WARN_OBJC_LITERAL_CONVERSION = YES;
				CLANG_WARN_OBJC_ROOT_CLASS = YES_ERROR;
				CLANG_WARN_QUOTED_INCLUDE_IN_FRAMEWORK_HEADER = YES;
				CLANG_WARN_RANGE_LOOP_ANALYSIS = YES;
				CLANG_WARN_STRICT_PROTOTYPES = YES;
				CLANG_WARN_SUSPICIOUS_MOVE = YES;
				CLANG_WARN_UNGUARDED_AVAILABILITY = YES_AGGRESSIVE;
				CLANG_WARN_UNREACHABLE_CODE = YES;
				CLANG_WARN__DUPLICATE_METHOD_MATCH = YES;
				COPY_PHASE_STRIP = NO;
				DEBUG_INFORMATION_FORMAT = dwarf;
				ENABLE_STRICT_OBJC_MSGSEND = YES;
				ENABLE_TESTABILITY = YES;
				ENABLE_USER_SCRIPT_SANDBOXING = YES;
				GCC_C_LANGUAGE_STANDARD = gnu17;
				GCC_DYNAMIC_NO_PIC = NO;
				GCC_NO_COMMON_BLOCKS = YES;
				GCC_OPTIMIZATION_LEVEL = 0;
				GCC_PREPROCESSOR_DEFINITIONS = (
					"DEBUG=1",
					"$(inherited)",
				);
				GCC_WARN_64_TO_32_BIT_CONVERSION = YES;
				GCC_WARN_ABOUT_RETURN_TYPE = YES_ERROR;
				GCC_WARN_UNDECLARED_SELECTOR = YES;
				GCC_WARN_UNINITIALIZED_AUTOS = YES_AGGRESSIVE;
				GCC_WARN_UNUSED_FUNCTION = YES;
				GCC_WARN_UNUSED_VARIABLE = YES;
				IPHONEOS_DEPLOYMENT_TARGET = 17.2;
				LOCALIZATION_PREFERS_STRING_CATALOGS = YES;
				MTL_ENABLE_DEBUG_INFO = INCLUDE_SOURCE;
				MTL_FAST_MATH = YES;
				ONLY_ACTIVE_ARCH = YES;
				SDKROOT = iphoneos;
				SWIFT_ACTIVE_COMPILATION_CONDITIONS = "DEBUG $(inherited)";
				SWIFT_OPTIMIZATION_LEVEL = "-Onone";
			};
			name = Debug;
		};
		5BF2A0082B3E87E600F32260 /* Release */ = {
			isa = XCBuildConfiguration;
			buildSettings = {
				ALWAYS_SEARCH_USER_PATHS = NO;
				ASSETCATALOG_COMPILER_GENERATE_SWIFT_ASSET_SYMBOL_EXTENSIONS = YES;
				CLANG_ANALYZER_NONNULL = YES;
				CLANG_ANALYZER_NUMBER_OBJECT_CONVERSION = YES_AGGRESSIVE;
				CLANG_CXX_LANGUAGE_STANDARD = "gnu++20";
				CLANG_ENABLE_MODULES = YES;
				CLANG_ENABLE_OBJC_ARC = YES;
				CLANG_ENABLE_OBJC_WEAK = YES;
				CLANG_WARN_BLOCK_CAPTURE_AUTORELEASING = YES;
				CLANG_WARN_BOOL_CONVERSION = YES;
				CLANG_WARN_COMMA = YES;
				CLANG_WARN_CONSTANT_CONVERSION = YES;
				CLANG_WARN_DEPRECATED_OBJC_IMPLEMENTATIONS = YES;
				CLANG_WARN_DIRECT_OBJC_ISA_USAGE = YES_ERROR;
				CLANG_WARN_DOCUMENTATION_COMMENTS = YES;
				CLANG_WARN_EMPTY_BODY = YES;
				CLANG_WARN_ENUM_CONVERSION = YES;
				CLANG_WARN_INFINITE_RECURSION = YES;
				CLANG_WARN_INT_CONVERSION = YES;
				CLANG_WARN_NON_LITERAL_NULL_CONVERSION = YES;
				CLANG_WARN_OBJC_IMPLICIT_RETAIN_SELF = YES;
				CLANG_WARN_OBJC_LITERAL_CONVERSION = YES;
				CLANG_WARN_OBJC_ROOT_CLASS = YES_ERROR;
				CLANG_WARN_QUOTED_INCLUDE_IN_FRAMEWORK_HEADER = YES;
				CLANG_WARN_RANGE_LOOP_ANALYSIS = YES;
				CLANG_WARN_STRICT_PROTOTYPES = YES;
				CLANG_WARN_SUSPICIOUS_MOVE = YES;
				CLANG_WARN_UNGUARDED_AVAILABILITY = YES_AGGRESSIVE;
				CLANG_WARN_UNREACHABLE_CODE = YES;
				CLANG_WARN__DUPLICATE_METHOD_MATCH = YES;
				COPY_PHASE_STRIP = NO;
				DEBUG_INFORMATION_FORMAT = "dwarf-with-dsym";
				ENABLE_NS_ASSERTIONS = NO;
				ENABLE_STRICT_OBJC_MSGSEND = YES;
				ENABLE_USER_SCRIPT_SANDBOXING = YES;
				GCC_C_LANGUAGE_STANDARD = gnu17;
				GCC_NO_COMMON_BLOCKS = YES;
				GCC_WARN_64_TO_32_BIT_CONVERSION = YES;
				GCC_WARN_ABOUT_RETURN_TYPE = YES_ERROR;
				GCC_WARN_UNDECLARED_SELECTOR = YES;
				GCC_WARN_UNINITIALIZED_AUTOS = YES_AGGRESSIVE;
				GCC_WARN_UNUSED_FUNCTION = YES;
				GCC_WARN_UNUSED_VARIABLE = YES;
				IPHONEOS_DEPLOYMENT_TARGET = 17.2;
				LOCALIZATION_PREFERS_STRING_CATALOGS = YES;
				MTL_ENABLE_DEBUG_INFO = NO;
				MTL_FAST_MATH = YES;
				SDKROOT = iphoneos;
				SWIFT_COMPILATION_MODE = wholemodule;
				VALIDATE_PRODUCT = YES;
			};
			name = Release;
		};
		5BF2A00A2B3E87E600F32260 /* Debug */ = {
			isa = XCBuildConfiguration;
			buildSettings = {
				ASSETCATALOG_COMPILER_APPICON_NAME = AppIcon;
				ASSETCATALOG_COMPILER_GLOBAL_ACCENT_COLOR_NAME = AccentColor;
				CODE_SIGN_STYLE = Automatic;
				CURRENT_PROJECT_VERSION = 1;
				GENERATE_INFOPLIST_FILE = YES;
				INFOPLIST_FILE = "I am Rich/Info.plist";
				INFOPLIST_KEY_UIApplicationSupportsIndirectInputEvents = YES;
				INFOPLIST_KEY_UILaunchStoryboardName = LaunchScreen;
				INFOPLIST_KEY_UIMainStoryboardFile = Main;
				INFOPLIST_KEY_UISupportedInterfaceOrientations = "UIInterfaceOrientationLandscapeLeft UIInterfaceOrientationLandscapeRight UIInterfaceOrientationPortrait";
				INFOPLIST_KEY_UISupportedInterfaceOrientations_iPad = "UIInterfaceOrientationLandscapeLeft UIInterfaceOrientationLandscapeRight UIInterfaceOrientationPortrait UIInterfaceOrientationPortraitUpsideDown";
				LD_RUNPATH_SEARCH_PATHS = (
					"$(inherited)",
					"@executable_path/Frameworks",
				);
				MARKETING_VERSION = 1.0;
				PRODUCT_BUNDLE_IDENTIFIER = "com.alex.I-am-Rich";
				PRODUCT_NAME = "$(TARGET_NAME)";
				SUPPORTED_PLATFORMS = "iphoneos iphonesimulator";
				SUPPORTS_MACCATALYST = NO;
				SUPPORTS_MAC_DESIGNED_FOR_IPHONE_IPAD = NO;
				SWIFT_EMIT_LOC_STRINGS = YES;
				SWIFT_VERSION = 5.0;
				TARGETED_DEVICE_FAMILY = "1,2";
			};
			name = Debug;
		};
		5BF2A00B2B3E87E600F32260 /* Release */ = {
			isa = XCBuildConfiguration;
			buildSettings = {
				ASSETCATALOG_COMPILER_APPICON_NAME = AppIcon;
				ASSETCATALOG_COMPILER_GLOBAL_ACCENT_COLOR_NAME = AccentColor;
				CODE_SIGN_STYLE = Automatic;
				CURRENT_PROJECT_VERSION = 1;
				GENERATE_INFOPLIST_FILE = YES;
				INFOPLIST_FILE = "I am Rich/Info.plist";
				INFOPLIST_KEY_UIApplicationSupportsIndirectInputEvents = YES;
				INFOPLIST_KEY_UILaunchStoryboardName = LaunchScreen;
				INFOPLIST_KEY_UIMainStoryboardFile = Main;
				INFOPLIST_KEY_UISupportedInterfaceOrientations = "UIInterfaceOrientationLandscapeLeft UIInterfaceOrientationLandscapeRight UIInterfaceOrientationPortrait";
				INFOPLIST_KEY_UISupportedInterfaceOrientations_iPad = "UIInterfaceOrientationLandscapeLeft UIInterfaceOrientationLandscapeRight UIInterfaceOrientationPortrait UIInterfaceOrientationPortraitUpsideDown";
				LD_RUNPATH_SEARCH_PATHS = (
					"$(inherited)",
					"@executable_path/Frameworks",
				);
				MARKETING_VERSION = 1.0;
				PRODUCT_BUNDLE_IDENTIFIER = "com.alex.I-am-Rich";
				PRODUCT_NAME = "$(TARGET_NAME)";
				SUPPORTED_PLATFORMS = "iphoneos iphonesimulator";
				SUPPORTS_MACCATALYST = NO;
				SUPPORTS_MAC_DESIGNED_FOR_IPHONE_IPAD = NO;
				SWIFT_EMIT_LOC_STRINGS = YES;
				SWIFT_VERSION = 5.0;
				TARGETED_DEVICE_FAMILY = "1,2";
			};
			name = Release;
		};
		5BF2A00D2B3E87E600F32260 /* Debug */ = {
			isa = XCBuildConfiguration;
			buildSettings = {
				ALWAYS_EMBED_SWIFT_STANDARD_LIBRARIES = YES;
				BUNDLE_LOADER = "$(TEST_HOST)";
				CODE_SIGN_STYLE = Automatic;
				CURRENT_PROJECT_VERSION = 1;
				GENERATE_INFOPLIST_FILE = YES;
				IPHONEOS_DEPLOYMENT_TARGET = 17.2;
				MARKETING_VERSION = 1.0;
				PRODUCT_BUNDLE_IDENTIFIER = "com.alex.I-am-RichTests";
				PRODUCT_NAME = "$(TARGET_NAME)";
				SWIFT_EMIT_LOC_STRINGS = NO;
				SWIFT_VERSION = 5.0;
				TARGETED_DEVICE_FAMILY = "1,2";
				TEST_HOST = "$(BUILT_PRODUCTS_DIR)/I am Rich.app/$(BUNDLE_EXECUTABLE_FOLDER_PATH)/I am Rich";
			};
			name = Debug;
		};
		5BF2A00E2B3E87E600F32260 /* Release */ = {
			isa = XCBuildConfiguration;
			buildSettings = {
				ALWAYS_EMBED_SWIFT_STANDARD_LIBRARIES = YES;
				BUNDLE_LOADER = "$(TEST_HOST)";
				CODE_SIGN_STYLE = Automatic;
				CURRENT_PROJECT_VERSION = 1;
				GENERATE_INFOPLIST_FILE = YES;
				IPHONEOS_DEPLOYMENT_TARGET = 17.2;
				MARKETING_VERSION = 1.0;
				PRODUCT_BUNDLE_IDENTIFIER = "com.alex.I-am-RichTests";
				PRODUCT_NAME = "$(TARGET_NAME)";
				SWIFT_EMIT_LOC_STRINGS = NO;
				SWIFT_VERSION = 5.0;
				TARGETED_DEVICE_FAMILY = "1,2";
				TEST_HOST = "$(BUILT_PRODUCTS_DIR)/I am Rich.app/$(BUNDLE_EXECUTABLE_FOLDER_PATH)/I am Rich";
			};
			name = Release;
		};
		5BF2A0102B3E87E600F32260 /* Debug */ = {
			isa = XCBuildConfiguration;
			buildSettings = {
				ALWAYS_EMBED_SWIFT_STANDARD_LIBRARIES = YES;
				CODE_SIGN_STYLE = Automatic;
				CURRENT_PROJECT_VERSION = 1;
				GENERATE_INFOPLIST_FILE = YES;
				MARKETING_VERSION = 1.0;
				PRODUCT_BUNDLE_IDENTIFIER = "com.alex.I-am-RichUITests";
				PRODUCT_NAME = "$(TARGET_NAME)";
				SWIFT_EMIT_LOC_STRINGS = NO;
				SWIFT_VERSION = 5.0;
				TARGETED_DEVICE_FAMILY = "1,2";
				TEST_TARGET_NAME = "I am Rich";
			};
			name = Debug;
		};
		5BF2A0112B3E87E600F32260 /* Release */ = {
			isa = XCBuildConfiguration;
			buildSettings = {
				ALWAYS_EMBED_SWIFT_STANDARD_LIBRARIES = YES;
				CODE_SIGN_STYLE = Automatic;
				CURRENT_PROJECT_VERSION = 1;
				GENERATE_INFOPLIST_FILE = YES;
				MARKETING_VERSION = 1.0;
				PRODUCT_BUNDLE_IDENTIFIER = "com.alex.I-am-RichUITests";
				PRODUCT_NAME = "$(TARGET_NAME)";
				SWIFT_EMIT_LOC_STRINGS = NO;
				SWIFT_VERSION = 5.0;
				TARGETED_DEVICE_FAMILY = "1,2";
				TEST_TARGET_NAME = "I am Rich";
			};
			name = Release;
		};
/* End XCBuildConfiguration section */

/* Begin XCConfigurationList section */
		5BF29FDA2B3E87E400F32260 /* Build configuration list for PBXProject "I am Rich" */ = {
			isa = XCConfigurationList;
			buildConfigurations = (
				5BF2A0072B3E87E600F32260 /* Debug */,
				5BF2A0082B3E87E600F32260 /* Release */,
			);
			defaultConfigurationIsVisible = 0;
			defaultConfigurationName = Release;
		};
		5BF2A0092B3E87E600F32260 /* Build configuration list for PBXNativeTarget "I am Rich" */ = {
			isa = XCConfigurationList;
			buildConfigurations = (
				5BF2A00A2B3E87E600F32260 /* Debug */,
				5BF2A00B2B3E87E600F32260 /* Release */,
			);
			defaultConfigurationIsVisible = 0;
			defaultConfigurationName = Release;
		};
		5BF2A00C2B3E87E600F32260 /* Build configuration list for PBXNativeTarget "I am RichTests" */ = {
			isa = XCConfigurationList;
			buildConfigurations = (
				5BF2A00D2B3E87E600F32260 /* Debug */,
				5BF2A00E2B3E87E600F32260 /* Release */,
			);
			defaultConfigurationIsVisible = 0;
			defaultConfigurationName = Release;
		};
		5BF2A00F2B3E87E600F32260 /* Build configuration list for PBXNativeTarget "I am RichUITests" */ = {
			isa = XCConfigurationList;
			buildConfigurations = (
				5BF2A0102B3E87E600F32260 /* Debug */,
				5BF2A0112B3E87E600F32260 /* Release */,
			);
			defaultConfigurationIsVisible = 0;
			defaultConfigurationName = Release;
		};
/* End XCConfigurationList section */
	};
	rootObject = 5BF29FD72B3E87E400F32260 /* Project object */;
}
